{
  "name": "my-tiptap-project",
  "version": "0.0.0",
  "lockfileVersion": 2,
  "requires": true,
  "packages": {
    "": {
      "name": "my-tiptap-project",
      "version": "0.0.0",
      "dependencies": {
        "@hocuspocus/provider": "^1.0.0-alpha.21",
        "@tiptap/extension-collaboration": "^2.0.0-beta.25",
        "@tiptap/starter-kit": "^2.0.0-beta.130",
        "@tiptap/vue-3": "^2.0.0-beta.72",
        "sass": "^1.43.3",
        "vue": "^3.2.16",
        "yjs": "^13.5.16"
      },
      "devDependencies": {
        "@vitejs/plugin-vue": "^1.9.3",
        "vite": "^2.6.4"
      }
    },
    "node_modules/@babel/parser": {
      "version": "7.16.4",
      "license": "MIT",
      "bin": {
        "parser": "bin/babel-parser.js"
      },
      "engines": {
        "node": ">=6.0.0"
      }
    },
    "node_modules/@hocuspocus/provider": {
      "version": "1.0.0-alpha.21",
      "license": "MIT",
      "dependencies": {
        "@lifeomic/attempt": "^3.0.0",
        "lib0": "^0.2.42",
        "y-protocols": "^1.0.5",
        "yjs": "^13.5.0"
      }
    },
    "node_modules/@lifeomic/attempt": {
      "version": "3.0.1",
      "license": "MIT"
    },
    "node_modules/@popperjs/core": {
      "version": "2.10.2",
      "license": "MIT",
      "funding": {
        "type": "opencollective",
        "url": "https://opencollective.com/popperjs"
      }
    },
    "node_modules/@tiptap/core": {
      "version": "2.0.0-beta.139",
      "license": "MIT",
      "dependencies": {
        "@types/prosemirror-commands": "^1.0.4",
        "@types/prosemirror-keymap": "^1.0.4",
        "@types/prosemirror-model": "^1.13.2",
        "@types/prosemirror-schema-list": "^1.0.3",
        "@types/prosemirror-state": "^1.2.8",
        "@types/prosemirror-transform": "^1.1.4",
        "@types/prosemirror-view": "^1.19.1",
        "prosemirror-commands": "^1.1.12",
        "prosemirror-keymap": "^1.1.5",
        "prosemirror-model": "^1.15.0",
        "prosemirror-schema-list": "^1.1.6",
        "prosemirror-state": "^1.3.4",
        "prosemirror-transform": "^1.3.3",
        "prosemirror-view": "^1.23.1"
      },
      "funding": {
        "type": "github",
        "url": "https://github.com/sponsors/ueberdosis"
      }
    },
    "node_modules/@tiptap/extension-blockquote": {
      "version": "2.0.0-beta.24",
      "license": "MIT",
      "funding": {
        "type": "github",
        "url": "https://github.com/sponsors/ueberdosis"
      },
      "peerDependencies": {
        "@tiptap/core": "^2.0.0-beta.1"
      }
    },
    "node_modules/@tiptap/extension-bold": {
      "version": "2.0.0-beta.24",
      "license": "MIT",
      "funding": {
        "type": "github",
        "url": "https://github.com/sponsors/ueberdosis"
      },
      "peerDependencies": {
        "@tiptap/core": "^2.0.0-beta.1"
      }
    },
    "node_modules/@tiptap/extension-bubble-menu": {
      "version": "2.0.0-beta.50",
      "license": "MIT",
      "dependencies": {
        "prosemirror-state": "^1.3.4",
        "prosemirror-view": "^1.23.1",
        "tippy.js": "^6.3.7"
      },
      "funding": {
        "type": "github",
        "url": "https://github.com/sponsors/ueberdosis"
      },
      "peerDependencies": {
        "@tiptap/core": "^2.0.0-beta.1"
      }
    },
    "node_modules/@tiptap/extension-bullet-list": {
      "version": "2.0.0-beta.23",
      "license": "MIT",
      "funding": {
        "type": "github",
        "url": "https://github.com/sponsors/ueberdosis"
      },
      "peerDependencies": {
        "@tiptap/core": "^2.0.0-beta.1"
      }
    },
    "node_modules/@tiptap/extension-code": {
      "version": "2.0.0-beta.25",
      "license": "MIT",
      "funding": {
        "type": "github",
        "url": "https://github.com/sponsors/ueberdosis"
      },
      "peerDependencies": {
        "@tiptap/core": "^2.0.0-beta.1"
      }
    },
    "node_modules/@tiptap/extension-code-block": {
      "version": "2.0.0-beta.29",
      "license": "MIT",
      "dependencies": {
        "prosemirror-state": "^1.3.4"
      },
      "funding": {
        "type": "github",
        "url": "https://github.com/sponsors/ueberdosis"
      },
      "peerDependencies": {
        "@tiptap/core": "^2.0.0-beta.1"
      }
    },
    "node_modules/@tiptap/extension-collaboration": {
      "version": "2.0.0-beta.31",
      "license": "MIT",
      "dependencies": {
        "prosemirror-state": "^1.3.4",
        "y-prosemirror": "^1.0.12"
      },
      "funding": {
        "type": "github",
        "url": "https://github.com/sponsors/ueberdosis"
      },
      "peerDependencies": {
        "@tiptap/core": "^2.0.0-beta.1"
      }
    },
    "node_modules/@tiptap/extension-document": {
      "version": "2.0.0-beta.15",
      "license": "MIT",
      "funding": {
        "type": "github",
        "url": "https://github.com/sponsors/ueberdosis"
      },
      "peerDependencies": {
        "@tiptap/core": "^2.0.0-beta.1"
      }
    },
    "node_modules/@tiptap/extension-dropcursor": {
      "version": "2.0.0-beta.25",
      "license": "MIT",
      "dependencies": {
        "@types/prosemirror-dropcursor": "^1.0.3",
        "prosemirror-dropcursor": "^1.4.0"
      },
      "funding": {
        "type": "github",
        "url": "https://github.com/sponsors/ueberdosis"
      },
      "peerDependencies": {
        "@tiptap/core": "^2.0.0-beta.1"
      }
    },
    "node_modules/@tiptap/extension-floating-menu": {
      "version": "2.0.0-beta.45",
      "license": "MIT",
      "dependencies": {
        "prosemirror-state": "^1.3.4",
        "prosemirror-view": "^1.23.1",
        "tippy.js": "^6.3.7"
      },
      "funding": {
        "type": "github",
        "url": "https://github.com/sponsors/ueberdosis"
      },
      "peerDependencies": {
        "@tiptap/core": "^2.0.0-beta.1"
      }
    },
    "node_modules/@tiptap/extension-gapcursor": {
      "version": "2.0.0-beta.33",
      "license": "MIT",
      "dependencies": {
        "@types/prosemirror-gapcursor": "^1.0.4",
        "prosemirror-gapcursor": "^1.2.0"
      },
      "funding": {
        "type": "github",
        "url": "https://github.com/sponsors/ueberdosis"
      },
      "peerDependencies": {
        "@tiptap/core": "^2.0.0-beta.1"
      }
    },
    "node_modules/@tiptap/extension-hard-break": {
      "version": "2.0.0-beta.30",
      "license": "MIT",
      "funding": {
        "type": "github",
        "url": "https://github.com/sponsors/ueberdosis"
      },
      "peerDependencies": {
        "@tiptap/core": "^2.0.0-beta.1"
      }
    },
    "node_modules/@tiptap/extension-heading": {
      "version": "2.0.0-beta.23",
      "license": "MIT",
      "funding": {
        "type": "github",
        "url": "https://github.com/sponsors/ueberdosis"
      },
      "peerDependencies": {
        "@tiptap/core": "^2.0.0-beta.1"
      }
    },
    "node_modules/@tiptap/extension-history": {
      "version": "2.0.0-beta.21",
      "license": "MIT",
      "dependencies": {
        "@types/prosemirror-history": "^1.0.3",
        "prosemirror-history": "^1.2.0"
      },
      "funding": {
        "type": "github",
        "url": "https://github.com/sponsors/ueberdosis"
      },
      "peerDependencies": {
        "@tiptap/core": "^2.0.0-beta.1"
      }
    },
    "node_modules/@tiptap/extension-horizontal-rule": {
      "version": "2.0.0-beta.30",
      "license": "MIT",
      "dependencies": {
        "prosemirror-state": "^1.3.4"
      },
      "funding": {
        "type": "github",
        "url": "https://github.com/sponsors/ueberdosis"
      },
      "peerDependencies": {
        "@tiptap/core": "^2.0.0-beta.1"
      }
    },
    "node_modules/@tiptap/extension-italic": {
      "version": "2.0.0-beta.24",
      "license": "MIT",
      "funding": {
        "type": "github",
        "url": "https://github.com/sponsors/ueberdosis"
      },
      "peerDependencies": {
        "@tiptap/core": "^2.0.0-beta.1"
      }
    },
    "node_modules/@tiptap/extension-list-item": {
      "version": "2.0.0-beta.19",
      "license": "MIT",
      "funding": {
        "type": "github",
        "url": "https://github.com/sponsors/ueberdosis"
      },
      "peerDependencies": {
        "@tiptap/core": "^2.0.0-beta.1"
      }
    },
    "node_modules/@tiptap/extension-ordered-list": {
      "version": "2.0.0-beta.24",
      "license": "MIT",
      "funding": {
        "type": "github",
        "url": "https://github.com/sponsors/ueberdosis"
      },
      "peerDependencies": {
        "@tiptap/core": "^2.0.0-beta.1"
      }
    },
    "node_modules/@tiptap/extension-paragraph": {
      "version": "2.0.0-beta.22",
      "license": "MIT",
      "funding": {
        "type": "github",
        "url": "https://github.com/sponsors/ueberdosis"
      },
      "peerDependencies": {
        "@tiptap/core": "^2.0.0-beta.1"
      }
    },
    "node_modules/@tiptap/extension-strike": {
      "version": "2.0.0-beta.26",
      "license": "MIT",
      "funding": {
        "type": "github",
        "url": "https://github.com/sponsors/ueberdosis"
      },
      "peerDependencies": {
        "@tiptap/core": "^2.0.0-beta.1"
      }
    },
    "node_modules/@tiptap/extension-text": {
      "version": "2.0.0-beta.15",
      "license": "MIT",
      "funding": {
        "type": "github",
        "url": "https://github.com/sponsors/ueberdosis"
      },
      "peerDependencies": {
        "@tiptap/core": "^2.0.0-beta.1"
      }
    },
    "node_modules/@tiptap/starter-kit": {
      "version": "2.0.0-beta.141",
      "license": "MIT",
      "dependencies": {
        "@tiptap/core": "^2.0.0-beta.139",
        "@tiptap/extension-blockquote": "^2.0.0-beta.24",
        "@tiptap/extension-bold": "^2.0.0-beta.24",
        "@tiptap/extension-bullet-list": "^2.0.0-beta.23",
        "@tiptap/extension-code": "^2.0.0-beta.25",
        "@tiptap/extension-code-block": "^2.0.0-beta.29",
        "@tiptap/extension-document": "^2.0.0-beta.15",
        "@tiptap/extension-dropcursor": "^2.0.0-beta.25",
        "@tiptap/extension-gapcursor": "^2.0.0-beta.33",
        "@tiptap/extension-hard-break": "^2.0.0-beta.30",
        "@tiptap/extension-heading": "^2.0.0-beta.23",
        "@tiptap/extension-history": "^2.0.0-beta.21",
        "@tiptap/extension-horizontal-rule": "^2.0.0-beta.30",
        "@tiptap/extension-italic": "^2.0.0-beta.24",
        "@tiptap/extension-list-item": "^2.0.0-beta.19",
        "@tiptap/extension-ordered-list": "^2.0.0-beta.24",
        "@tiptap/extension-paragraph": "^2.0.0-beta.22",
        "@tiptap/extension-strike": "^2.0.0-beta.26",
        "@tiptap/extension-text": "^2.0.0-beta.15"
      },
      "funding": {
        "type": "github",
        "url": "https://github.com/sponsors/ueberdosis"
      }
    },
    "node_modules/@tiptap/vue-3": {
      "version": "2.0.0-beta.81",
      "license": "MIT",
      "dependencies": {
        "@tiptap/extension-bubble-menu": "^2.0.0-beta.50",
        "@tiptap/extension-floating-menu": "^2.0.0-beta.45",
        "prosemirror-state": "^1.3.4",
        "prosemirror-view": "^1.23.1"
      },
      "funding": {
        "type": "github",
        "url": "https://github.com/sponsors/ueberdosis"
      },
      "peerDependencies": {
        "@tiptap/core": "^2.0.0-beta.1",
        "vue": "^3.0.0"
      }
    },
    "node_modules/@types/orderedmap": {
      "version": "1.0.0",
      "license": "MIT"
    },
    "node_modules/@types/prosemirror-commands": {
      "version": "1.0.4",
      "license": "MIT",
      "dependencies": {
        "@types/prosemirror-model": "*",
        "@types/prosemirror-state": "*",
        "@types/prosemirror-view": "*"
      }
    },
    "node_modules/@types/prosemirror-dropcursor": {
      "version": "1.0.3",
      "license": "MIT",
      "dependencies": {
        "@types/prosemirror-state": "*"
      }
    },
    "node_modules/@types/prosemirror-gapcursor": {
      "version": "1.0.4",
      "license": "MIT",
      "dependencies": {
        "@types/prosemirror-model": "*",
        "@types/prosemirror-state": "*"
      }
    },
    "node_modules/@types/prosemirror-history": {
      "version": "1.0.3",
      "license": "MIT",
      "dependencies": {
        "@types/prosemirror-model": "*",
        "@types/prosemirror-state": "*"
      }
    },
    "node_modules/@types/prosemirror-keymap": {
      "version": "1.0.4",
      "license": "MIT",
      "dependencies": {
        "@types/prosemirror-commands": "*",
        "@types/prosemirror-model": "*",
        "@types/prosemirror-state": "*",
        "@types/prosemirror-view": "*"
      }
    },
    "node_modules/@types/prosemirror-model": {
      "version": "1.13.2",
      "license": "MIT",
      "dependencies": {
        "@types/orderedmap": "*"
      }
    },
    "node_modules/@types/prosemirror-schema-list": {
      "version": "1.0.3",
      "license": "MIT",
      "dependencies": {
        "@types/orderedmap": "*",
        "@types/prosemirror-model": "*",
        "@types/prosemirror-state": "*"
      }
    },
    "node_modules/@types/prosemirror-state": {
      "version": "1.2.8",
      "license": "MIT",
      "dependencies": {
        "@types/prosemirror-model": "*",
        "@types/prosemirror-transform": "*",
        "@types/prosemirror-view": "*"
      }
    },
    "node_modules/@types/prosemirror-transform": {
      "version": "1.1.4",
      "license": "MIT",
      "dependencies": {
        "@types/prosemirror-model": "*"
      }
    },
    "node_modules/@types/prosemirror-view": {
      "version": "1.19.1",
      "license": "MIT",
      "dependencies": {
        "@types/prosemirror-model": "*",
        "@types/prosemirror-state": "*",
        "@types/prosemirror-transform": "*"
      }
    },
    "node_modules/@vitejs/plugin-vue": {
      "version": "1.9.4",
      "dev": true,
      "license": "MIT",
      "engines": {
        "node": ">=12.0.0"
      },
      "peerDependencies": {
        "vite": "^2.5.10"
      }
    },
    "node_modules/@vue/compiler-core": {
      "version": "3.2.22",
      "license": "MIT",
      "dependencies": {
        "@babel/parser": "^7.15.0",
        "@vue/shared": "3.2.22",
        "estree-walker": "^2.0.2",
        "source-map": "^0.6.1"
      }
    },
    "node_modules/@vue/compiler-dom": {
      "version": "3.2.22",
      "license": "MIT",
      "dependencies": {
        "@vue/compiler-core": "3.2.22",
        "@vue/shared": "3.2.22"
      }
    },
    "node_modules/@vue/compiler-sfc": {
      "version": "3.2.22",
      "license": "MIT",
      "dependencies": {
        "@babel/parser": "^7.15.0",
        "@vue/compiler-core": "3.2.22",
        "@vue/compiler-dom": "3.2.22",
        "@vue/compiler-ssr": "3.2.22",
        "@vue/ref-transform": "3.2.22",
        "@vue/shared": "3.2.22",
        "estree-walker": "^2.0.2",
        "magic-string": "^0.25.7",
        "postcss": "^8.1.10",
        "source-map": "^0.6.1"
      }
    },
    "node_modules/@vue/compiler-ssr": {
      "version": "3.2.22",
      "license": "MIT",
      "dependencies": {
        "@vue/compiler-dom": "3.2.22",
        "@vue/shared": "3.2.22"
      }
    },
    "node_modules/@vue/reactivity": {
      "version": "3.2.22",
      "license": "MIT",
      "dependencies": {
        "@vue/shared": "3.2.22"
      }
    },
    "node_modules/@vue/ref-transform": {
      "version": "3.2.22",
      "license": "MIT",
      "dependencies": {
        "@babel/parser": "^7.15.0",
        "@vue/compiler-core": "3.2.22",
        "@vue/shared": "3.2.22",
        "estree-walker": "^2.0.2",
        "magic-string": "^0.25.7"
      }
    },
    "node_modules/@vue/runtime-core": {
      "version": "3.2.22",
      "license": "MIT",
      "dependencies": {
        "@vue/reactivity": "3.2.22",
        "@vue/shared": "3.2.22"
      }
    },
    "node_modules/@vue/runtime-dom": {
      "version": "3.2.22",
      "license": "MIT",
      "dependencies": {
        "@vue/runtime-core": "3.2.22",
        "@vue/shared": "3.2.22",
        "csstype": "^2.6.8"
      }
    },
    "node_modules/@vue/server-renderer": {
      "version": "3.2.22",
      "license": "MIT",
      "dependencies": {
        "@vue/compiler-ssr": "3.2.22",
        "@vue/shared": "3.2.22"
      },
      "peerDependencies": {
        "vue": "3.2.22"
      }
    },
    "node_modules/@vue/shared": {
      "version": "3.2.22",
      "license": "MIT"
    },
    "node_modules/anymatch": {
      "version": "3.1.2",
      "license": "ISC",
      "dependencies": {
        "normalize-path": "^3.0.0",
        "picomatch": "^2.0.4"
      },
      "engines": {
        "node": ">= 8"
      }
    },
    "node_modules/binary-extensions": {
      "version": "2.2.0",
      "license": "MIT",
      "engines": {
        "node": ">=8"
      }
    },
    "node_modules/braces": {
      "version": "3.0.2",
      "license": "MIT",
      "dependencies": {
        "fill-range": "^7.0.1"
      },
      "engines": {
        "node": ">=8"
      }
    },
    "node_modules/chokidar": {
      "version": "3.5.2",
      "license": "MIT",
      "dependencies": {
        "anymatch": "~3.1.2",
        "braces": "~3.0.2",
        "glob-parent": "~5.1.2",
        "is-binary-path": "~2.1.0",
        "is-glob": "~4.0.1",
        "normalize-path": "~3.0.0",
        "readdirp": "~3.6.0"
      },
      "engines": {
        "node": ">= 8.10.0"
      },
      "optionalDependencies": {
        "fsevents": "~2.3.2"
      }
    },
    "node_modules/csstype": {
      "version": "2.6.19",
      "license": "MIT"
    },
    "node_modules/esbuild": {
      "version": "0.13.14",
      "dev": true,
      "hasInstallScript": true,
      "license": "MIT",
      "bin": {
        "esbuild": "bin/esbuild"
      },
      "optionalDependencies": {
        "esbuild-android-arm64": "0.13.14",
        "esbuild-darwin-64": "0.13.14",
        "esbuild-darwin-arm64": "0.13.14",
        "esbuild-freebsd-64": "0.13.14",
        "esbuild-freebsd-arm64": "0.13.14",
        "esbuild-linux-32": "0.13.14",
        "esbuild-linux-64": "0.13.14",
        "esbuild-linux-arm": "0.13.14",
        "esbuild-linux-arm64": "0.13.14",
        "esbuild-linux-mips64le": "0.13.14",
        "esbuild-linux-ppc64le": "0.13.14",
        "esbuild-netbsd-64": "0.13.14",
        "esbuild-openbsd-64": "0.13.14",
        "esbuild-sunos-64": "0.13.14",
        "esbuild-windows-32": "0.13.14",
        "esbuild-windows-64": "0.13.14",
        "esbuild-windows-arm64": "0.13.14"
      }
    },
    "node_modules/esbuild-darwin-arm64": {
      "version": "0.13.14",
      "cpu": [
        "arm64"
      ],
      "dev": true,
      "license": "MIT",
      "optional": true,
      "os": [
        "darwin"
      ]
    },
    "node_modules/estree-walker": {
      "version": "2.0.2",
      "license": "MIT"
    },
    "node_modules/fill-range": {
      "version": "7.0.1",
      "license": "MIT",
      "dependencies": {
        "to-regex-range": "^5.0.1"
      },
      "engines": {
        "node": ">=8"
      }
    },
    "node_modules/fsevents": {
      "version": "2.3.2",
      "license": "MIT",
      "optional": true,
      "os": [
        "darwin"
      ],
      "engines": {
        "node": "^8.16.0 || ^10.6.0 || >=11.0.0"
      }
    },
    "node_modules/function-bind": {
      "version": "1.1.1",
      "dev": true,
      "license": "MIT"
    },
    "node_modules/glob-parent": {
      "version": "5.1.2",
      "license": "ISC",
      "dependencies": {
        "is-glob": "^4.0.1"
      },
      "engines": {
        "node": ">= 6"
      }
    },
    "node_modules/has": {
      "version": "1.0.3",
      "dev": true,
      "license": "MIT",
      "dependencies": {
        "function-bind": "^1.1.1"
      },
      "engines": {
        "node": ">= 0.4.0"
      }
    },
    "node_modules/is-binary-path": {
      "version": "2.1.0",
      "license": "MIT",
      "dependencies": {
        "binary-extensions": "^2.0.0"
      },
      "engines": {
        "node": ">=8"
      }
    },
    "node_modules/is-core-module": {
      "version": "2.8.0",
      "dev": true,
      "license": "MIT",
      "dependencies": {
        "has": "^1.0.3"
      },
      "funding": {
        "url": "https://github.com/sponsors/ljharb"
      }
    },
    "node_modules/is-extglob": {
      "version": "2.1.1",
      "license": "MIT",
      "engines": {
        "node": ">=0.10.0"
      }
    },
    "node_modules/is-glob": {
      "version": "4.0.3",
      "license": "MIT",
      "dependencies": {
        "is-extglob": "^2.1.1"
      },
      "engines": {
        "node": ">=0.10.0"
      }
    },
    "node_modules/is-number": {
      "version": "7.0.0",
      "license": "MIT",
      "engines": {
        "node": ">=0.12.0"
      }
    },
    "node_modules/isomorphic.js": {
      "version": "0.2.4",
      "license": "MIT",
      "funding": {
        "type": "GitHub Sponsors ❤",
        "url": "https://github.com/sponsors/dmonad"
      }
    },
    "node_modules/lib0": {
      "version": "0.2.43",
      "license": "MIT",
      "dependencies": {
        "isomorphic.js": "^0.2.4"
      },
      "engines": {
        "node": ">=12"
      },
      "funding": {
        "type": "GitHub Sponsors ❤",
        "url": "https://github.com/sponsors/dmonad"
      }
    },
    "node_modules/magic-string": {
      "version": "0.25.7",
      "license": "MIT",
      "dependencies": {
        "sourcemap-codec": "^1.4.4"
      }
    },
    "node_modules/nanoid": {
      "version": "3.1.30",
      "license": "MIT",
      "bin": {
        "nanoid": "bin/nanoid.cjs"
      },
      "engines": {
        "node": "^10 || ^12 || ^13.7 || ^14 || >=15.0.1"
      }
    },
    "node_modules/normalize-path": {
      "version": "3.0.0",
      "license": "MIT",
      "engines": {
        "node": ">=0.10.0"
      }
    },
    "node_modules/orderedmap": {
      "version": "1.1.1",
      "license": "MIT"
    },
    "node_modules/path-parse": {
      "version": "1.0.7",
      "dev": true,
      "license": "MIT"
    },
    "node_modules/picocolors": {
      "version": "1.0.0",
      "license": "ISC"
    },
    "node_modules/picomatch": {
      "version": "2.3.0",
      "license": "MIT",
      "engines": {
        "node": ">=8.6"
      },
      "funding": {
        "url": "https://github.com/sponsors/jonschlinkert"
      }
    },
    "node_modules/postcss": {
      "version": "8.3.11",
      "license": "MIT",
      "dependencies": {
        "nanoid": "^3.1.30",
        "picocolors": "^1.0.0",
        "source-map-js": "^0.6.2"
      },
      "engines": {
        "node": "^10 || ^12 || >=14"
      },
      "funding": {
        "type": "opencollective",
        "url": "https://opencollective.com/postcss/"
      }
    },
    "node_modules/prosemirror-commands": {
      "version": "1.1.12",
      "license": "MIT",
      "dependencies": {
        "prosemirror-model": "^1.0.0",
        "prosemirror-state": "^1.0.0",
        "prosemirror-transform": "^1.0.0"
      }
    },
    "node_modules/prosemirror-dropcursor": {
      "version": "1.4.0",
      "license": "MIT",
      "dependencies": {
        "prosemirror-state": "^1.0.0",
        "prosemirror-transform": "^1.1.0",
        "prosemirror-view": "^1.1.0"
      }
    },
    "node_modules/prosemirror-gapcursor": {
      "version": "1.2.0",
      "license": "MIT",
      "dependencies": {
        "prosemirror-keymap": "^1.0.0",
        "prosemirror-model": "^1.0.0",
        "prosemirror-state": "^1.0.0",
        "prosemirror-view": "^1.0.0"
      }
    },
    "node_modules/prosemirror-history": {
      "version": "1.2.0",
      "license": "MIT",
      "dependencies": {
        "prosemirror-state": "^1.2.2",
        "prosemirror-transform": "^1.0.0",
        "rope-sequence": "^1.3.0"
      }
    },
    "node_modules/prosemirror-keymap": {
      "version": "1.1.5",
      "license": "MIT",
      "dependencies": {
        "prosemirror-state": "^1.0.0",
        "w3c-keyname": "^2.2.0"
      }
    },
    "node_modules/prosemirror-model": {
      "version": "1.15.0",
      "license": "MIT",
      "dependencies": {
        "orderedmap": "^1.1.0"
      }
    },
    "node_modules/prosemirror-schema-list": {
      "version": "1.1.6",
      "license": "MIT",
      "dependencies": {
        "prosemirror-model": "^1.0.0",
        "prosemirror-transform": "^1.0.0"
      }
    },
    "node_modules/prosemirror-state": {
      "version": "1.3.4",
      "license": "MIT",
      "dependencies": {
        "prosemirror-model": "^1.0.0",
        "prosemirror-transform": "^1.0.0"
      }
    },
    "node_modules/prosemirror-transform": {
      "version": "1.3.3",
      "license": "MIT",
      "dependencies": {
        "prosemirror-model": "^1.0.0"
      }
    },
    "node_modules/prosemirror-view": {
      "version": "1.23.1",
      "license": "MIT",
      "dependencies": {
        "prosemirror-model": "^1.14.3",
        "prosemirror-state": "^1.0.0",
        "prosemirror-transform": "^1.1.0"
      }
    },
    "node_modules/readdirp": {
      "version": "3.6.0",
      "license": "MIT",
      "dependencies": {
        "picomatch": "^2.2.1"
      },
      "engines": {
        "node": ">=8.10.0"
      }
    },
    "node_modules/resolve": {
      "version": "1.20.0",
      "dev": true,
      "license": "MIT",
      "dependencies": {
        "is-core-module": "^2.2.0",
        "path-parse": "^1.0.6"
      },
      "funding": {
        "url": "https://github.com/sponsors/ljharb"
      }
    },
    "node_modules/rollup": {
      "version": "2.60.0",
      "dev": true,
      "license": "MIT",
      "bin": {
        "rollup": "dist/bin/rollup"
      },
      "engines": {
        "node": ">=10.0.0"
      },
      "optionalDependencies": {
        "fsevents": "~2.3.2"
      }
    },
    "node_modules/rope-sequence": {
      "version": "1.3.2",
      "license": "MIT"
    },
    "node_modules/sass": {
      "version": "1.43.4",
      "license": "MIT",
      "dependencies": {
        "chokidar": ">=3.0.0 <4.0.0"
      },
      "bin": {
        "sass": "sass.js"
      },
      "engines": {
        "node": ">=8.9.0"
      }
    },
    "node_modules/source-map": {
      "version": "0.6.1",
      "license": "BSD-3-Clause",
      "engines": {
        "node": ">=0.10.0"
      }
    },
    "node_modules/source-map-js": {
      "version": "0.6.2",
      "license": "BSD-3-Clause",
      "engines": {
        "node": ">=0.10.0"
      }
    },
    "node_modules/sourcemap-codec": {
      "version": "1.4.8",
      "license": "MIT"
    },
    "node_modules/tippy.js": {
      "version": "6.3.7",
      "license": "MIT",
      "dependencies": {
        "@popperjs/core": "^2.9.0"
      }
    },
    "node_modules/to-regex-range": {
      "version": "5.0.1",
      "license": "MIT",
      "dependencies": {
        "is-number": "^7.0.0"
      },
      "engines": {
        "node": ">=8.0"
      }
    },
    "node_modules/vite": {
      "version": "2.6.14",
      "dev": true,
      "license": "MIT",
      "dependencies": {
        "esbuild": "^0.13.2",
        "postcss": "^8.3.8",
        "resolve": "^1.20.0",
        "rollup": "^2.57.0"
      },
      "bin": {
        "vite": "bin/vite.js"
      },
      "engines": {
        "node": ">=12.2.0"
      },
      "optionalDependencies": {
        "fsevents": "~2.3.2"
      },
      "peerDependencies": {
        "less": "*",
        "sass": "*",
        "stylus": "*"
      },
      "peerDependenciesMeta": {
        "less": {
          "optional": true
        },
        "sass": {
          "optional": true
        },
        "stylus": {
          "optional": true
        }
      }
    },
    "node_modules/vue": {
      "version": "3.2.22",
      "license": "MIT",
      "dependencies": {
        "@vue/compiler-dom": "3.2.22",
        "@vue/compiler-sfc": "3.2.22",
        "@vue/runtime-dom": "3.2.22",
        "@vue/server-renderer": "3.2.22",
        "@vue/shared": "3.2.22"
      }
    },
    "node_modules/w3c-keyname": {
      "version": "2.2.4",
      "license": "MIT"
    },
    "node_modules/y-prosemirror": {
      "version": "1.0.12",
      "license": "MIT",
      "dependencies": {
        "lib0": "^0.2.42"
      },
      "funding": {
        "type": "GitHub Sponsors ❤",
        "url": "https://github.com/sponsors/dmonad"
      },
      "peerDependencies": {
        "prosemirror-model": "^1.7.1",
        "prosemirror-state": "^1.2.3",
        "prosemirror-view": "^1.9.10",
        "y-protocols": "^1.0.1",
        "yjs": "^13.3.2"
      }
    },
    "node_modules/y-protocols": {
      "version": "1.0.5",
      "license": "MIT",
      "dependencies": {
        "lib0": "^0.2.42"
      },
      "funding": {
        "type": "GitHub Sponsors ❤",
        "url": "https://github.com/sponsors/dmonad"
      }
    },
    "node_modules/yjs": {
      "version": "13.5.21",
      "hasInstallScript": true,
      "license": "MIT",
      "dependencies": {
        "lib0": "^0.2.43"
      },
      "funding": {
        "type": "GitHub Sponsors ❤",
        "url": "https://github.com/sponsors/dmonad"
      }
    }
  },
  "dependencies": {
    "@babel/parser": {
      "version": "7.16.4"
    },
    "@hocuspocus/provider": {
      "version": "1.0.0-alpha.21",
      "requires": {
        "@lifeomic/attempt": "^3.0.0",
        "lib0": "^0.2.42",
        "y-protocols": "^1.0.5",
        "yjs": "^13.5.0"
      }
    },
    "@lifeomic/attempt": {
      "version": "3.0.1"
    },
    "@popperjs/core": {
      "version": "2.10.2"
    },
    "@tiptap/core": {
      "version": "2.0.0-beta.139",
      "requires": {
        "@types/prosemirror-commands": "^1.0.4",
        "@types/prosemirror-keymap": "^1.0.4",
        "@types/prosemirror-model": "^1.13.2",
        "@types/prosemirror-schema-list": "^1.0.3",
        "@types/prosemirror-state": "^1.2.8",
        "@types/prosemirror-transform": "^1.1.4",
        "@types/prosemirror-view": "^1.19.1",
        "prosemirror-commands": "^1.1.12",
        "prosemirror-keymap": "^1.1.5",
        "prosemirror-model": "^1.15.0",
        "prosemirror-schema-list": "^1.1.6",
        "prosemirror-state": "^1.3.4",
        "prosemirror-transform": "^1.3.3",
        "prosemirror-view": "^1.23.1"
      }
    },
    "@tiptap/extension-blockquote": {
      "version": "2.0.0-beta.24",
      "requires": {}
    },
    "@tiptap/extension-bold": {
      "version": "2.0.0-beta.24",
      "requires": {}
    },
    "@tiptap/extension-bubble-menu": {
      "version": "2.0.0-beta.50",
      "requires": {
        "prosemirror-state": "^1.3.4",
        "prosemirror-view": "^1.23.1",
        "tippy.js": "^6.3.7"
      }
    },
    "@tiptap/extension-bullet-list": {
      "version": "2.0.0-beta.23",
      "requires": {}
    },
    "@tiptap/extension-code": {
      "version": "2.0.0-beta.25",
      "requires": {}
    },
    "@tiptap/extension-code-block": {
      "version": "2.0.0-beta.29",
      "requires": {
        "prosemirror-state": "^1.3.4"
      }
    },
    "@tiptap/extension-collaboration": {
      "version": "2.0.0-beta.31",
      "requires": {
        "prosemirror-state": "^1.3.4",
        "y-prosemirror": "^1.0.12"
      }
    },
    "@tiptap/extension-document": {
      "version": "2.0.0-beta.15",
      "requires": {}
    },
    "@tiptap/extension-dropcursor": {
      "version": "2.0.0-beta.25",
      "requires": {
        "@types/prosemirror-dropcursor": "^1.0.3",
        "prosemirror-dropcursor": "^1.4.0"
      }
    },
    "@tiptap/extension-floating-menu": {
      "version": "2.0.0-beta.45",
      "requires": {
        "prosemirror-state": "^1.3.4",
        "prosemirror-view": "^1.23.1",
        "tippy.js": "^6.3.7"
      }
    },
    "@tiptap/extension-gapcursor": {
      "version": "2.0.0-beta.33",
      "requires": {
        "@types/prosemirror-gapcursor": "^1.0.4",
        "prosemirror-gapcursor": "^1.2.0"
      }
    },
    "@tiptap/extension-hard-break": {
      "version": "2.0.0-beta.30",
      "requires": {}
    },
    "@tiptap/extension-heading": {
      "version": "2.0.0-beta.23",
      "requires": {}
    },
    "@tiptap/extension-history": {
      "version": "2.0.0-beta.21",
      "requires": {
        "@types/prosemirror-history": "^1.0.3",
        "prosemirror-history": "^1.2.0"
      }
    },
    "@tiptap/extension-horizontal-rule": {
      "version": "2.0.0-beta.30",
      "requires": {
        "prosemirror-state": "^1.3.4"
      }
    },
    "@tiptap/extension-italic": {
      "version": "2.0.0-beta.24",
      "requires": {}
    },
    "@tiptap/extension-list-item": {
      "version": "2.0.0-beta.19",
      "requires": {}
    },
    "@tiptap/extension-ordered-list": {
      "version": "2.0.0-beta.24",
      "requires": {}
    },
    "@tiptap/extension-paragraph": {
      "version": "2.0.0-beta.22",
      "requires": {}
    },
    "@tiptap/extension-strike": {
      "version": "2.0.0-beta.26",
      "requires": {}
    },
    "@tiptap/extension-text": {
      "version": "2.0.0-beta.15",
      "requires": {}
    },
    "@tiptap/starter-kit": {
      "version": "2.0.0-beta.141",
      "requires": {
        "@tiptap/core": "^2.0.0-beta.139",
        "@tiptap/extension-blockquote": "^2.0.0-beta.24",
        "@tiptap/extension-bold": "^2.0.0-beta.24",
        "@tiptap/extension-bullet-list": "^2.0.0-beta.23",
        "@tiptap/extension-code": "^2.0.0-beta.25",
        "@tiptap/extension-code-block": "^2.0.0-beta.29",
        "@tiptap/extension-document": "^2.0.0-beta.15",
        "@tiptap/extension-dropcursor": "^2.0.0-beta.25",
        "@tiptap/extension-gapcursor": "^2.0.0-beta.33",
        "@tiptap/extension-hard-break": "^2.0.0-beta.30",
        "@tiptap/extension-heading": "^2.0.0-beta.23",
        "@tiptap/extension-history": "^2.0.0-beta.21",
        "@tiptap/extension-horizontal-rule": "^2.0.0-beta.30",
        "@tiptap/extension-italic": "^2.0.0-beta.24",
        "@tiptap/extension-list-item": "^2.0.0-beta.19",
        "@tiptap/extension-ordered-list": "^2.0.0-beta.24",
        "@tiptap/extension-paragraph": "^2.0.0-beta.22",
        "@tiptap/extension-strike": "^2.0.0-beta.26",
        "@tiptap/extension-text": "^2.0.0-beta.15"
      }
    },
    "@tiptap/vue-3": {
      "version": "2.0.0-beta.81",
      "requires": {
        "@tiptap/extension-bubble-menu": "^2.0.0-beta.50",
        "@tiptap/extension-floating-menu": "^2.0.0-beta.45",
        "prosemirror-state": "^1.3.4",
        "prosemirror-view": "^1.23.1"
      }
    },
    "@types/orderedmap": {
      "version": "1.0.0"
    },
    "@types/prosemirror-commands": {
      "version": "1.0.4",
      "requires": {
        "@types/prosemirror-model": "*",
        "@types/prosemirror-state": "*",
        "@types/prosemirror-view": "*"
      }
    },
    "@types/prosemirror-dropcursor": {
      "version": "1.0.3",
      "requires": {
        "@types/prosemirror-state": "*"
      }
    },
    "@types/prosemirror-gapcursor": {
      "version": "1.0.4",
      "requires": {
        "@types/prosemirror-model": "*",
        "@types/prosemirror-state": "*"
      }
    },
    "@types/prosemirror-history": {
      "version": "1.0.3",
      "requires": {
        "@types/prosemirror-model": "*",
        "@types/prosemirror-state": "*"
      }
    },
    "@types/prosemirror-keymap": {
      "version": "1.0.4",
      "requires": {
        "@types/prosemirror-commands": "*",
        "@types/prosemirror-model": "*",
        "@types/prosemirror-state": "*",
        "@types/prosemirror-view": "*"
      }
    },
    "@types/prosemirror-model": {
      "version": "1.13.2",
      "requires": {
        "@types/orderedmap": "*"
      }
    },
    "@types/prosemirror-schema-list": {
      "version": "1.0.3",
      "requires": {
        "@types/orderedmap": "*",
        "@types/prosemirror-model": "*",
        "@types/prosemirror-state": "*"
      }
    },
    "@types/prosemirror-state": {
      "version": "1.2.8",
      "requires": {
        "@types/prosemirror-model": "*",
        "@types/prosemirror-transform": "*",
        "@types/prosemirror-view": "*"
      }
    },
    "@types/prosemirror-transform": {
      "version": "1.1.4",
      "requires": {
        "@types/prosemirror-model": "*"
      }
    },
    "@types/prosemirror-view": {
      "version": "1.19.1",
      "requires": {
        "@types/prosemirror-model": "*",
        "@types/prosemirror-state": "*",
        "@types/prosemirror-transform": "*"
      }
    },
    "@vitejs/plugin-vue": {
      "version": "1.9.4",
      "dev": true,
      "requires": {}
    },
    "@vue/compiler-core": {
      "version": "3.2.22",
      "requires": {
        "@babel/parser": "^7.15.0",
        "@vue/shared": "3.2.22",
        "estree-walker": "^2.0.2",
        "source-map": "^0.6.1"
      }
    },
    "@vue/compiler-dom": {
      "version": "3.2.22",
      "requires": {
        "@vue/compiler-core": "3.2.22",
        "@vue/shared": "3.2.22"
      }
    },
    "@vue/compiler-sfc": {
      "version": "3.2.22",
      "requires": {
        "@babel/parser": "^7.15.0",
        "@vue/compiler-core": "3.2.22",
        "@vue/compiler-dom": "3.2.22",
        "@vue/compiler-ssr": "3.2.22",
        "@vue/ref-transform": "3.2.22",
        "@vue/shared": "3.2.22",
        "estree-walker": "^2.0.2",
        "magic-string": "^0.25.7",
        "postcss": "^8.1.10",
        "source-map": "^0.6.1"
      }
    },
    "@vue/compiler-ssr": {
      "version": "3.2.22",
      "requires": {
        "@vue/compiler-dom": "3.2.22",
        "@vue/shared": "3.2.22"
      }
    },
    "@vue/reactivity": {
      "version": "3.2.22",
      "requires": {
        "@vue/shared": "3.2.22"
      }
    },
    "@vue/ref-transform": {
      "version": "3.2.22",
      "requires": {
        "@babel/parser": "^7.15.0",
        "@vue/compiler-core": "3.2.22",
        "@vue/shared": "3.2.22",
        "estree-walker": "^2.0.2",
        "magic-string": "^0.25.7"
      }
    },
    "@vue/runtime-core": {
      "version": "3.2.22",
      "requires": {
        "@vue/reactivity": "3.2.22",
        "@vue/shared": "3.2.22"
      }
    },
    "@vue/runtime-dom": {
      "version": "3.2.22",
      "requires": {
        "@vue/runtime-core": "3.2.22",
        "@vue/shared": "3.2.22",
        "csstype": "^2.6.8"
      }
    },
    "@vue/server-renderer": {
      "version": "3.2.22",
      "requires": {
        "@vue/compiler-ssr": "3.2.22",
        "@vue/shared": "3.2.22"
      }
    },
    "@vue/shared": {
      "version": "3.2.22"
    },
    "anymatch": {
      "version": "3.1.2",
      "requires": {
        "normalize-path": "^3.0.0",
        "picomatch": "^2.0.4"
      }
    },
    "binary-extensions": {
      "version": "2.2.0"
    },
    "braces": {
      "version": "3.0.2",
      "requires": {
        "fill-range": "^7.0.1"
      }
    },
    "chokidar": {
      "version": "3.5.2",
      "requires": {
        "anymatch": "~3.1.2",
        "braces": "~3.0.2",
        "fsevents": "~2.3.2",
        "glob-parent": "~5.1.2",
        "is-binary-path": "~2.1.0",
        "is-glob": "~4.0.1",
        "normalize-path": "~3.0.0",
        "readdirp": "~3.6.0"
      }
    },
    "csstype": {
      "version": "2.6.19"
    },
    "esbuild": {
      "version": "0.13.14",
      "dev": true,
      "requires": {
        "esbuild-android-arm64": "0.13.14",
        "esbuild-darwin-64": "0.13.14",
        "esbuild-darwin-arm64": "0.13.14",
        "esbuild-freebsd-64": "0.13.14",
        "esbuild-freebsd-arm64": "0.13.14",
        "esbuild-linux-32": "0.13.14",
        "esbuild-linux-64": "0.13.14",
        "esbuild-linux-arm": "0.13.14",
        "esbuild-linux-arm64": "0.13.14",
        "esbuild-linux-mips64le": "0.13.14",
        "esbuild-linux-ppc64le": "0.13.14",
        "esbuild-netbsd-64": "0.13.14",
        "esbuild-openbsd-64": "0.13.14",
        "esbuild-sunos-64": "0.13.14",
        "esbuild-windows-32": "0.13.14",
        "esbuild-windows-64": "0.13.14",
        "esbuild-windows-arm64": "0.13.14"
      }
    },
    "esbuild-darwin-arm64": {
      "version": "0.13.14",
      "dev": true,
      "optional": true
    },
    "estree-walker": {
      "version": "2.0.2"
    },
    "fill-range": {
      "version": "7.0.1",
      "requires": {
        "to-regex-range": "^5.0.1"
      }
    },
    "fsevents": {
      "version": "2.3.2",
      "optional": true
    },
    "function-bind": {
      "version": "1.1.1",
      "dev": true
    },
    "glob-parent": {
      "version": "5.1.2",
      "requires": {
        "is-glob": "^4.0.1"
      }
    },
    "has": {
      "version": "1.0.3",
      "dev": true,
      "requires": {
        "function-bind": "^1.1.1"
      }
    },
    "is-binary-path": {
      "version": "2.1.0",
      "requires": {
        "binary-extensions": "^2.0.0"
      }
    },
    "is-core-module": {
      "version": "2.8.0",
      "dev": true,
      "requires": {
        "has": "^1.0.3"
      }
    },
    "is-extglob": {
      "version": "2.1.1"
    },
    "is-glob": {
      "version": "4.0.3",
      "requires": {
        "is-extglob": "^2.1.1"
      }
    },
    "is-number": {
      "version": "7.0.0"
    },
    "isomorphic.js": {
      "version": "0.2.4"
    },
    "lib0": {
      "version": "0.2.43",
      "requires": {
        "isomorphic.js": "^0.2.4"
      }
    },
    "magic-string": {
      "version": "0.25.7",
      "requires": {
        "sourcemap-codec": "^1.4.4"
      }
    },
    "nanoid": {
      "version": "3.1.30"
    },
    "normalize-path": {
      "version": "3.0.0"
    },
    "orderedmap": {
      "version": "1.1.1"
    },
    "path-parse": {
      "version": "1.0.7",
      "dev": true
    },
    "picocolors": {
      "version": "1.0.0"
    },
    "picomatch": {
      "version": "2.3.0"
    },
    "postcss": {
      "version": "8.3.11",
      "requires": {
        "nanoid": "^3.1.30",
        "picocolors": "^1.0.0",
        "source-map-js": "^0.6.2"
      }
    },
    "prosemirror-commands": {
      "version": "1.1.12",
      "requires": {
        "prosemirror-model": "^1.0.0",
        "prosemirror-state": "^1.0.0",
        "prosemirror-transform": "^1.0.0"
      }
    },
    "prosemirror-dropcursor": {
      "version": "1.4.0",
      "requires": {
        "prosemirror-state": "^1.0.0",
        "prosemirror-transform": "^1.1.0",
        "prosemirror-view": "^1.1.0"
      }
    },
    "prosemirror-gapcursor": {
      "version": "1.2.0",
      "requires": {
        "prosemirror-keymap": "^1.0.0",
        "prosemirror-model": "^1.0.0",
        "prosemirror-state": "^1.0.0",
        "prosemirror-view": "^1.0.0"
      }
    },
    "prosemirror-history": {
      "version": "1.2.0",
      "requires": {
        "prosemirror-state": "^1.2.2",
        "prosemirror-transform": "^1.0.0",
        "rope-sequence": "^1.3.0"
      }
    },
    "prosemirror-keymap": {
      "version": "1.1.5",
      "requires": {
        "prosemirror-state": "^1.0.0",
        "w3c-keyname": "^2.2.0"
      }
    },
    "prosemirror-model": {
      "version": "1.15.0",
      "requires": {
        "orderedmap": "^1.1.0"
      }
    },
    "prosemirror-schema-list": {
      "version": "1.1.6",
      "requires": {
        "prosemirror-model": "^1.0.0",
        "prosemirror-transform": "^1.0.0"
      }
    },
    "prosemirror-state": {
      "version": "1.3.4",
      "requires": {
        "prosemirror-model": "^1.0.0",
        "prosemirror-transform": "^1.0.0"
      }
    },
    "prosemirror-transform": {
      "version": "1.3.3",
      "requires": {
        "prosemirror-model": "^1.0.0"
      }
    },
    "prosemirror-view": {
      "version": "1.23.1",
      "requires": {
        "prosemirror-model": "^1.14.3",
        "prosemirror-state": "^1.0.0",
        "prosemirror-transform": "^1.1.0"
      }
    },
    "readdirp": {
      "version": "3.6.0",
      "requires": {
        "picomatch": "^2.2.1"
      }
    },
    "resolve": {
      "version": "1.20.0",
      "dev": true,
      "requires": {
        "is-core-module": "^2.2.0",
        "path-parse": "^1.0.6"
      }
    },
    "rollup": {
      "version": "2.60.0",
      "dev": true,
      "requires": {
        "fsevents": "~2.3.2"
      }
    },
    "rope-sequence": {
      "version": "1.3.2"
    },
    "sass": {
      "version": "1.43.4",
      "requires": {
        "chokidar": ">=3.0.0 <4.0.0"
      }
    },
    "source-map": {
      "version": "0.6.1"
    },
    "source-map-js": {
      "version": "0.6.2"
    },
    "sourcemap-codec": {
      "version": "1.4.8"
    },
    "tippy.js": {
      "version": "6.3.7",
      "requires": {
        "@popperjs/core": "^2.9.0"
      }
    },
    "to-regex-range": {
      "version": "5.0.1",
      "requires": {
        "is-number": "^7.0.0"
      }
    },
    "vite": {
      "version": "2.6.14",
      "dev": true,
      "requires": {
        "esbuild": "^0.13.2",
        "fsevents": "~2.3.2",
        "postcss": "^8.3.8",
        "resolve": "^1.20.0",
        "rollup": "^2.57.0"
      }
    },
    "vue": {
      "version": "3.2.22",
      "requires": {
        "@vue/compiler-dom": "3.2.22",
        "@vue/compiler-sfc": "3.2.22",
        "@vue/runtime-dom": "3.2.22",
        "@vue/server-renderer": "3.2.22",
        "@vue/shared": "3.2.22"
      }
    },
    "w3c-keyname": {
      "version": "2.2.4"
    },
    "y-prosemirror": {
      "version": "1.0.12",
      "requires": {
        "lib0": "^0.2.42"
      }
    },
    "y-protocols": {
      "version": "1.0.5",
      "requires": {
        "lib0": "^0.2.42"
      }
    },
    "yjs": {
      "version": "13.5.21",
      "requires": {
        "lib0": "^0.2.43"
      }
    }
  }
}
