# THIS IS AN AUTOGENERATED FILE. DO NOT EDIT THIS FILE DIRECTLY.
# yarn lockfile v1


"@babel/parser@^7.15.0":
  version "7.16.2"
  resolved "https://registry.yarnpkg.com/@babel/parser/-/parser-7.16.2.tgz#3723cd5c8d8773eef96ce57ea1d9b7faaccd12ac"
  integrity sha512-RUVpT0G2h6rOZwqLDTrKk7ksNv7YpAilTnYe1/Q+eDjxEceRMKVWbCsX7t8h6C1qCFi/1Y8WZjcEPBAFG27GPw==

"@hocuspocus/provider@^1.0.0-alpha.21":
  version "1.0.0-alpha.21"
  resolved "https://registry.yarnpkg.com/@hocuspocus/provider/-/provider-1.0.0-alpha.21.tgz#369869e33a7c138041a03bbb80acd61dd77e3632"
  integrity sha512-24brZ0OIeUInbMBTN2weL06Xmt4KUn3Sj7BbNkxgt7QwHjIqpcqlZrHE8IYg46HTbp8k0KKnc1CCMxb1ui0fRA==
  dependencies:
    "@lifeomic/attempt" "^3.0.0"
    lib0 "^0.2.42"
    y-protocols "^1.0.5"
    yjs "^13.5.0"

"@lifeomic/attempt@^3.0.0":
  version "3.0.1"
  resolved "https://registry.yarnpkg.com/@lifeomic/attempt/-/attempt-3.0.1.tgz#a1d65fc06df3b5650cc851a6cafee0a733f8b58e"
  integrity sha512-zvQ6ydPI2mevhuZ++l2S93+DS08w27ad942Ae9WW5h7j+giEHrK7rsgbchVTAs0jo35Ox90G5/c8ZDSz5vipWg==

"@popperjs/core@^2.9.0":
  version "2.10.2"
  resolved "https://registry.yarnpkg.com/@popperjs/core/-/core-2.10.2.tgz#0798c03351f0dea1a5a4cabddf26a55a7cbee590"
  integrity sha512-IXf3XA7+XyN7CP9gGh/XB0UxVMlvARGEgGXLubFICsUMGz6Q+DU+i4gGlpOxTjKvXjkJDJC8YdqdKkDj9qZHEQ==

"@tiptap/core@^2.0.0-beta.131":
  version "2.0.0-beta.131"
  resolved "https://registry.yarnpkg.com/@tiptap/core/-/core-2.0.0-beta.131.tgz#d1b624d41119fe5b949994c5c43675e905f1d1f6"
  integrity sha512-+2Yh1JkZdvLjokNgIKzc6z3PlpHq4Fxa17ox3Wql9PdRUnRFu5krAHlgvgI+dSQggsC6ZNw15qlZ0gYPIzM7RA==
  dependencies:
    "@types/prosemirror-commands" "^1.0.4"
    "@types/prosemirror-keymap" "^1.0.4"
    "@types/prosemirror-model" "^1.13.2"
    "@types/prosemirror-schema-list" "^1.0.3"
    "@types/prosemirror-state" "^1.2.8"
    "@types/prosemirror-transform" "^1.1.4"
    "@types/prosemirror-view" "^1.19.1"
    prosemirror-commands "^1.1.12"
    prosemirror-keymap "^1.1.5"
    prosemirror-model "^1.15.0"
    prosemirror-schema-list "^1.1.6"
    prosemirror-state "^1.3.4"
    prosemirror-transform "^1.3.3"
    prosemirror-view "^1.21.0"

"@tiptap/extension-blockquote@^2.0.0-beta.21":
  version "2.0.0-beta.21"
  resolved "https://registry.yarnpkg.com/@tiptap/extension-blockquote/-/extension-blockquote-2.0.0-beta.21.tgz#2400f337101404ced6f1c988b83491eeaed418e1"
  integrity sha512-yE2N2A6zfH9C/9DAs/p9dLbyy6iWzTpX7tTSGnWyAb1h+SEkqzPBxJryNUU4DYw+Rq/hasQIu37TrHTrOqJyiA==

"@tiptap/extension-bold@^2.0.0-beta.21":
  version "2.0.0-beta.21"
  resolved "https://registry.yarnpkg.com/@tiptap/extension-bold/-/extension-bold-2.0.0-beta.21.tgz#50eea83e3bc7f85f6eeb90145927189041ade9d7"
  integrity sha512-GRsImvcUJ4vspvoZvugO7Y9akigjeHFpHti1sGJGULPsv4oX5vMMxys4yaI3/qA+Tm8qyK+14ju6Jb7YKwvdBA==

"@tiptap/extension-bubble-menu@^2.0.0-beta.45":
  version "2.0.0-beta.45"
  resolved "https://registry.yarnpkg.com/@tiptap/extension-bubble-menu/-/extension-bubble-menu-2.0.0-beta.45.tgz#081e91bf0ec2f4f48e3dbf89910b4e37a4f9cdca"
  integrity sha512-5xc3Kh3Ul0PJC2fBOCdiUT71MCueF5AAf4scyU1UC/2KirjnqxEPycUGuGosxTX/vCZbFF65x7YGhFAFSVI87Q==
  dependencies:
    prosemirror-state "^1.3.4"
    prosemirror-view "^1.21.0"
    tippy.js "^6.3.4"

"@tiptap/extension-bullet-list@^2.0.0-beta.20":
  version "2.0.0-beta.20"
  resolved "https://registry.yarnpkg.com/@tiptap/extension-bullet-list/-/extension-bullet-list-2.0.0-beta.20.tgz#519566172c0bf7fec7d0cf3c84366c01abe2afc8"
  integrity sha512-/2gPQ4UvjD/VxKnovtHwdz6xSJZdZ0tPRRB6Lm7uwFcrmCCoUFMrzYmQruyMNcWWbrgoLh3A70HTFVdOCxL+nw==

"@tiptap/extension-code-block@^2.0.0-beta.26":
  version "2.0.0-beta.26"
  resolved "https://registry.yarnpkg.com/@tiptap/extension-code-block/-/extension-code-block-2.0.0-beta.26.tgz#6c8793eb885dff8b7abf808f902b52f417d2f743"
  integrity sha512-ZG60N90RbhwvJR9VsDc9t9FdBMEEfcmzbRr4j/LcvvVbAG7poDbC9HRmSim484GSEN2yBDEgk+Ifxi9TiaBy1g==
  dependencies:
    prosemirror-state "^1.3.4"

"@tiptap/extension-code@^2.0.0-beta.22":
  version "2.0.0-beta.22"
  resolved "https://registry.yarnpkg.com/@tiptap/extension-code/-/extension-code-2.0.0-beta.22.tgz#4c590d6eaf9af4d3e4c718de5e83e4d3f11ee53a"
  integrity sha512-jJCCkj6/C/rwv+ppx0MIF7ynhessU06lN8IGjJsDTUh1Z4TYP3tpUNrgF7jfrg7G23QvPWbEVj7siDd+px6xCw==

"@tiptap/extension-collaboration@^2.0.0-beta.25":
  version "2.0.0-beta.27"
  resolved "https://registry.yarnpkg.com/@tiptap/extension-collaboration/-/extension-collaboration-2.0.0-beta.27.tgz#10b1e81974bbc67b5197ba165ccce9279334bcc1"
  integrity sha512-86ml73GdnVocTtzRyy1S7z6FCqIWWwEkZJCJ/e2Dh9RRbYh07kl3KB9mTbIWj97e5WhjzwcCeR7tZt44UMJmOw==
  dependencies:
    prosemirror-state "^1.3.4"
    y-prosemirror "^1.0.9"

"@tiptap/extension-document@^2.0.0-beta.13":
  version "2.0.0-beta.13"
  resolved "https://registry.yarnpkg.com/@tiptap/extension-document/-/extension-document-2.0.0-beta.13.tgz#8cfb29d4de64bf4a790817f730c05b4f9b7167b2"
  integrity sha512-nrufdKziA/wovaY4DjGkc8OGuIZi8CH8CW3+yYfeWbruwFKkyZHlZy9nplFWSEqBHPAeqD+px9r91yGMW3ontA==

"@tiptap/extension-dropcursor@^2.0.0-beta.21":
  version "2.0.0-beta.21"
  resolved "https://registry.yarnpkg.com/@tiptap/extension-dropcursor/-/extension-dropcursor-2.0.0-beta.21.tgz#a9052840fbe4e186e5aeea0166e14495c1d393b4"
  integrity sha512-QA4dgBRgRtv3TbLh7ZhhnATHepfLzEQMGsqSuxEdI8GpPDQ/vwRxFh7lJ8bHs4KZngxbfLD6znEyTZXEy2z/eQ==
  dependencies:
    "@types/prosemirror-dropcursor" "^1.0.3"
    prosemirror-dropcursor "^1.3.5"

"@tiptap/extension-floating-menu@^2.0.0-beta.39":
  version "2.0.0-beta.39"
  resolved "https://registry.yarnpkg.com/@tiptap/extension-floating-menu/-/extension-floating-menu-2.0.0-beta.39.tgz#aeb46ee5b86bc8a55e0cd7b23a88b1f407347773"
  integrity sha512-t9O04liALy+XX53ygvRvaXvwpZm71Y8aYIbpUOj1n10hd0UHvZdzPf6Pp6s6DqVSIGFxi9EuTDMTTQi9Pyv18w==
  dependencies:
    prosemirror-state "^1.3.4"
    prosemirror-view "^1.21.0"
    tippy.js "^6.3.4"

"@tiptap/extension-gapcursor@^2.0.0-beta.30":
  version "2.0.0-beta.30"
  resolved "https://registry.yarnpkg.com/@tiptap/extension-gapcursor/-/extension-gapcursor-2.0.0-beta.30.tgz#ee742ff229c15d476ba598f8a533f5bbc48d0e75"
  integrity sha512-6K8N+BiztReMqj9qu8h5Y/qvFGm7XrprGb03l+sG6eZ4fKYLU202zt/DReJYRDCTPHM/6zthUCK5xoR0+TtN2A==
  dependencies:
    "@types/prosemirror-gapcursor" "^1.0.4"
    prosemirror-gapcursor "^1.2.0"

"@tiptap/extension-hard-break@^2.0.0-beta.27":
  version "2.0.0-beta.27"
  resolved "https://registry.yarnpkg.com/@tiptap/extension-hard-break/-/extension-hard-break-2.0.0-beta.27.tgz#23ea8b9544863722c01d3a748301443c10bfe364"
  integrity sha512-Jki9LWsOyWwXypU0vr3aRDZwu0SrZ1CjMgMrEg9R6yUEB5lhb2g4orgaCGecmVDnl4Zx0Yq/3et/FbMGTVupCA==

"@tiptap/extension-heading@^2.0.0-beta.20":
  version "2.0.0-beta.20"
  resolved "https://registry.yarnpkg.com/@tiptap/extension-heading/-/extension-heading-2.0.0-beta.20.tgz#89e331282521419de810807eb53e6504e2f4abfb"
  integrity sha512-JQEs6Pilk9Q/5/hZa3og3pt2Si7MwXIl3UJwCyljXpTdnuSon4OppAo4lVN5L9A8tZNqrX7TOpd/yaDoI/0ToQ==

"@tiptap/extension-history@^2.0.0-beta.18":
  version "2.0.0-beta.18"
  resolved "https://registry.yarnpkg.com/@tiptap/extension-history/-/extension-history-2.0.0-beta.18.tgz#886d702b4c4b72c96dd63d3f2fa89da5e9688e91"
  integrity sha512-8yR+NozZlHFwlYaNqAKrstdWb5nXhfrYTdxjR68LpjlWLgPCn2bm7ZoJDuYaHGa3sIT1HqBus6zerqOjr/YYig==
  dependencies:
    "@types/prosemirror-history" "^1.0.3"
    prosemirror-history "^1.2.0"

"@tiptap/extension-horizontal-rule@^2.0.0-beta.26":
  version "2.0.0-beta.26"
  resolved "https://registry.yarnpkg.com/@tiptap/extension-horizontal-rule/-/extension-horizontal-rule-2.0.0-beta.26.tgz#95741cb62278319edbc3146c85d8dbc3b8be4e9a"
  integrity sha512-9kmmZiV79cn7Q9SObFNkVEjXykUY+kBANOB4MFNpkd1/X43deOv+fBJFWywRHbnGa324egtOePHQfdqnP8s8tA==
  dependencies:
    prosemirror-state "^1.3.4"

"@tiptap/extension-italic@^2.0.0-beta.21":
  version "2.0.0-beta.21"
  resolved "https://registry.yarnpkg.com/@tiptap/extension-italic/-/extension-italic-2.0.0-beta.21.tgz#54efbe5e8af84157290e7e5f4aa7f2053d8b7872"
  integrity sha512-q2H3Og3Qg01N70jC7c/UYMTdeXdWOY5cTrZP2vtGmedGimJpMGpenMc5mrnmEXKssjmNaz/Q8409MV4rHwbmzg==

"@tiptap/extension-list-item@^2.0.0-beta.16":
  version "2.0.0-beta.16"
  resolved "https://registry.yarnpkg.com/@tiptap/extension-list-item/-/extension-list-item-2.0.0-beta.16.tgz#599b94958b7758ae472d9dbd0f1d6ec1b8b4ebff"
  integrity sha512-I/Tmj9zW5BHeftGByYj/TVJBqZi6cRLsiwufaV4CTMlfYUHE8DDjiQlukGSksa+Nba+wPErWriXAOaBBkjFhjw==

"@tiptap/extension-ordered-list@^2.0.0-beta.21":
  version "2.0.0-beta.21"
  resolved "https://registry.yarnpkg.com/@tiptap/extension-ordered-list/-/extension-ordered-list-2.0.0-beta.21.tgz#6f3430378c2f7bc69e85e403c63060ab151be3a0"
  integrity sha512-TkUWOAayblM2z9rtyREau5fNw7CvvlT6rHlSLGty+VQ861Nuu5gi8Ew4oQETYCmKNYQtZJhm65XjPPyl2GD2dA==

"@tiptap/extension-paragraph@^2.0.0-beta.19":
  version "2.0.0-beta.19"
  resolved "https://registry.yarnpkg.com/@tiptap/extension-paragraph/-/extension-paragraph-2.0.0-beta.19.tgz#043211ca77dcc8c22bea8bf9f223892cef2a5fe3"
  integrity sha512-mk8Es7kZIAAETHqXqMItNs34HnnlFvYp8+u7e8PQZtMF85YaIH4IVCVhCC2/buVRQTBnFJ3bJDbJAnawnxAWBQ==

"@tiptap/extension-strike@^2.0.0-beta.23":
  version "2.0.0-beta.23"
  resolved "https://registry.yarnpkg.com/@tiptap/extension-strike/-/extension-strike-2.0.0-beta.23.tgz#f1d82b8af038b2adcc9d7bb9973669eb8c604523"
  integrity sha512-xUCpuCDb8lG9BVve+/uq8fxOAPJgndQ0gapFZXCEb2wuZj0HfsHNwva8q0pMeIYXTSAIjobkueHtT8NjvSLtnw==

"@tiptap/extension-text@^2.0.0-beta.13":
  version "2.0.0-beta.13"
  resolved "https://registry.yarnpkg.com/@tiptap/extension-text/-/extension-text-2.0.0-beta.13.tgz#da0af8d9a3f149d20076e15d88c6af21fb6d940f"
  integrity sha512-0EtAwuRldCAoFaL/iXgkRepEeOd55rPg5N4FQUN1xTwZT7PDofukP0DG/2jff/Uj17x4uTaJAa9qlFWuNnDvjw==

"@tiptap/starter-kit@^2.0.0-beta.130":
  version "2.0.0-beta.133"
  resolved "https://registry.yarnpkg.com/@tiptap/starter-kit/-/starter-kit-2.0.0-beta.133.tgz#c261b489c8c47cdcfb58ce4d1616e8247fd4a438"
  integrity sha512-9CaRIW8G0tSST53qhrwTfNStyXyMYMqjsDuOtjZAatnvnSJpdrdIgNwE1JwQcoUaSHXCK4HdGavc4LWCHHK32Q==
  dependencies:
    "@tiptap/core" "^2.0.0-beta.131"
    "@tiptap/extension-blockquote" "^2.0.0-beta.21"
    "@tiptap/extension-bold" "^2.0.0-beta.21"
    "@tiptap/extension-bullet-list" "^2.0.0-beta.20"
    "@tiptap/extension-code" "^2.0.0-beta.22"
    "@tiptap/extension-code-block" "^2.0.0-beta.26"
    "@tiptap/extension-document" "^2.0.0-beta.13"
    "@tiptap/extension-dropcursor" "^2.0.0-beta.21"
    "@tiptap/extension-gapcursor" "^2.0.0-beta.30"
    "@tiptap/extension-hard-break" "^2.0.0-beta.27"
    "@tiptap/extension-heading" "^2.0.0-beta.20"
    "@tiptap/extension-history" "^2.0.0-beta.18"
    "@tiptap/extension-horizontal-rule" "^2.0.0-beta.26"
    "@tiptap/extension-italic" "^2.0.0-beta.21"
    "@tiptap/extension-list-item" "^2.0.0-beta.16"
    "@tiptap/extension-ordered-list" "^2.0.0-beta.21"
    "@tiptap/extension-paragraph" "^2.0.0-beta.19"
    "@tiptap/extension-strike" "^2.0.0-beta.23"
    "@tiptap/extension-text" "^2.0.0-beta.13"

"@tiptap/vue-3@^2.0.0-beta.72":
  version "2.0.0-beta.75"
  resolved "https://registry.yarnpkg.com/@tiptap/vue-3/-/vue-3-2.0.0-beta.75.tgz#adaf23c0b78a672ab3dfca3e27146db01a6376d2"
  integrity sha512-eQl+Ff1ONrkbnfCCmnjnyH82iLByEb2+GY2BEU9IX0GCxR/FV1nCNN9ciNw2FruyUGJXGZn41XrR1/3vn7/lDw==
  dependencies:
    "@tiptap/extension-bubble-menu" "^2.0.0-beta.45"
    "@tiptap/extension-floating-menu" "^2.0.0-beta.39"
    prosemirror-state "^1.3.4"
    prosemirror-view "^1.21.0"

"@types/orderedmap@*":
  version "1.0.0"
  resolved "https://registry.yarnpkg.com/@types/orderedmap/-/orderedmap-1.0.0.tgz#807455a192bba52cbbb4517044bc82bdbfa8c596"
  integrity sha512-dxKo80TqYx3YtBipHwA/SdFmMMyLCnP+5mkEqN0eMjcTBzHkiiX0ES118DsjDBjvD+zeSsSU9jULTZ+frog+Gw==

"@types/prosemirror-commands@*", "@types/prosemirror-commands@^1.0.4":
  version "1.0.4"
  resolved "https://registry.yarnpkg.com/@types/prosemirror-commands/-/prosemirror-commands-1.0.4.tgz#d08551415127d93ae62e7239d30db0b5e7208e22"
  integrity sha512-utDNYB3EXLjAfYIcRWJe6pn3kcQ5kG4RijbT/0Y/TFOm6yhvYS/D9eJVnijdg9LDjykapcezchxGRqFD5LcyaQ==
  dependencies:
    "@types/prosemirror-model" "*"
    "@types/prosemirror-state" "*"
    "@types/prosemirror-view" "*"

"@types/prosemirror-dropcursor@^1.0.3":
  version "1.0.3"
  resolved "https://registry.yarnpkg.com/@types/prosemirror-dropcursor/-/prosemirror-dropcursor-1.0.3.tgz#49250849b8a0b86e8c29eb1ba70a463e53e46947"
  integrity sha512-b0/8njnJ4lwyHKcGuCMf3x7r1KjxyugB1R/c2iMCjplsJHSC7UY9+OysqgJR5uUXRekUSGniiLgBtac/lvH6wg==
  dependencies:
    "@types/prosemirror-state" "*"

"@types/prosemirror-gapcursor@^1.0.4":
  version "1.0.4"
  resolved "https://registry.yarnpkg.com/@types/prosemirror-gapcursor/-/prosemirror-gapcursor-1.0.4.tgz#7df7d373edb33ea8da12084bfd462cf84cd69761"
  integrity sha512-9xKjFIG5947dzerFvkLWp6F53JwrUYoYwh3SgcTFEp8SbSfNNrez/PFYVZKPnoqPoaK5WtTdQTaMwpCV9rXQIg==
  dependencies:
    "@types/prosemirror-model" "*"
    "@types/prosemirror-state" "*"

"@types/prosemirror-history@^1.0.3":
  version "1.0.3"
  resolved "https://registry.yarnpkg.com/@types/prosemirror-history/-/prosemirror-history-1.0.3.tgz#f1110efbe758129b5475e466ff077f0a8d9b964f"
  integrity sha512-5TloMDRavgLjOAKXp1Li8u0xcsspzbT1Cm9F2pwHOkgvQOz1jWQb2VIXO7RVNsFjLBZdIXlyfSLivro3DuMWXg==
  dependencies:
    "@types/prosemirror-model" "*"
    "@types/prosemirror-state" "*"

"@types/prosemirror-keymap@^1.0.4":
  version "1.0.4"
  resolved "https://registry.yarnpkg.com/@types/prosemirror-keymap/-/prosemirror-keymap-1.0.4.tgz#f73c79810e8d0e0a20d153d84f998f02e5afbc0c"
  integrity sha512-ycevwkqUh+jEQtPwqO7sWGcm+Sybmhu8MpBsM8DlO3+YTKnXbKA6SDz/+q14q1wK3UA8lHJyfR+v+GPxfUSemg==
  dependencies:
    "@types/prosemirror-commands" "*"
    "@types/prosemirror-model" "*"
    "@types/prosemirror-state" "*"
    "@types/prosemirror-view" "*"

"@types/prosemirror-model@*", "@types/prosemirror-model@^1.13.2":
  version "1.13.2"
  resolved "https://registry.yarnpkg.com/@types/prosemirror-model/-/prosemirror-model-1.13.2.tgz#2adad3ec478f83204f155d7fb94c9dfde2fc3296"
  integrity sha512-a2rDB0aZ+7aIP7uBqQq1wLb4Hg4qqEvpkCqvhsgT/gG8IWC0peCAZfQ24sgTco0qSJLeDgIbtPeU6mgr869/kg==
  dependencies:
    "@types/orderedmap" "*"

"@types/prosemirror-schema-list@^1.0.3":
  version "1.0.3"
  resolved "https://registry.yarnpkg.com/@types/prosemirror-schema-list/-/prosemirror-schema-list-1.0.3.tgz#bdf1893a7915fbdc5c49b3cac9368e96213d70de"
  integrity sha512-uWybOf+M2Ea7rlbs0yLsS4YJYNGXYtn4N+w8HCw3Vvfl6wBAROzlMt0gV/D/VW/7J/LlAjwMezuGe8xi24HzXA==
  dependencies:
    "@types/orderedmap" "*"
    "@types/prosemirror-model" "*"
    "@types/prosemirror-state" "*"

"@types/prosemirror-state@*", "@types/prosemirror-state@^1.2.8":
  version "1.2.8"
  resolved "https://registry.yarnpkg.com/@types/prosemirror-state/-/prosemirror-state-1.2.8.tgz#65080eeec52f63c50bf7034377f07773b4f6b2ac"
  integrity sha512-mq9uyQWcpu8jeamO6Callrdvf/e1H/aRLR2kZWSpZrPHctEsxWHBbluD/wqVjXBRIOoMHLf6ZvOkrkmGLoCHVA==
  dependencies:
    "@types/prosemirror-model" "*"
    "@types/prosemirror-transform" "*"
    "@types/prosemirror-view" "*"

"@types/prosemirror-transform@*", "@types/prosemirror-transform@^1.1.4":
  version "1.1.4"
  resolved "https://registry.yarnpkg.com/@types/prosemirror-transform/-/prosemirror-transform-1.1.4.tgz#c3565e81b2ef3ce3254e6927d6f63eb8d7bb20d0"
  integrity sha512-HP1PauvkqSgDquZut8HaLOTUDQ6jja/LAy4OA7tTS1XG7wqRnX3gLUyEj0mD6vFd4y8BPkNddNdOh/BeGHlUjg==
  dependencies:
    "@types/prosemirror-model" "*"

"@types/prosemirror-view@*", "@types/prosemirror-view@^1.19.1":
  version "1.19.1"
  resolved "https://registry.yarnpkg.com/@types/prosemirror-view/-/prosemirror-view-1.19.1.tgz#f12309ef07dfb701d20c2e4d0292d42ba34a081b"
  integrity sha512-fyQ4NVxAdfISWrE2qT8cpZdosXoH/1JuVYMBs9CdaXPbvi/8R2L2tkkcMRM314piKrO8nfYH5OBZKzP2Ax3jtA==
  dependencies:
    "@types/prosemirror-model" "*"
    "@types/prosemirror-state" "*"
    "@types/prosemirror-transform" "*"

"@vitejs/plugin-vue@^1.9.3":
  version "1.9.4"
  resolved "https://registry.yarnpkg.com/@vitejs/plugin-vue/-/plugin-vue-1.9.4.tgz#4f48485432cbb986a9fb9d254dc33ce30ddccbfa"
  integrity sha512-0CZqaCoChriPTTtGkERy1LGPcYjGFpi2uYRhBPIkqJqUGV5JnJFhQAgh6oH9j5XZHfrRaisX8W0xSpO4T7S78A==

"@vue/compiler-core@3.2.21":
  version "3.2.21"
  resolved "https://registry.yarnpkg.com/@vue/compiler-core/-/compiler-core-3.2.21.tgz#26566c32b2ad838199d471ef5df620a83846f24e"
  integrity sha512-NhhiQZNG71KNq1h5pMW/fAXdTF7lJRaSI7LDm2edhHXVz1ROMICo8SreUmQnSf4Fet0UPBVqJ988eF4+936iDQ==
  dependencies:
    "@babel/parser" "^7.15.0"
    "@vue/shared" "3.2.21"
    estree-walker "^2.0.2"
    source-map "^0.6.1"

"@vue/compiler-dom@3.2.21":
  version "3.2.21"
  resolved "https://registry.yarnpkg.com/@vue/compiler-dom/-/compiler-dom-3.2.21.tgz#d6f6c85364ef8888f9c4e9122bfba11e78fb398c"
  integrity sha512-gsJD3DpYZSYquiA7UIPsMDSlAooYWDvHPq9VRsqzJEk2PZtFvLvHPb4aaMD8Ufd62xzYn32cnnkzsEOJhyGilA==
  dependencies:
    "@vue/compiler-core" "3.2.21"
    "@vue/shared" "3.2.21"

"@vue/compiler-sfc@3.2.21":
  version "3.2.21"
  resolved "https://registry.yarnpkg.com/@vue/compiler-sfc/-/compiler-sfc-3.2.21.tgz#42639ee49e725afb7d8f1d1940e75dc17a56002c"
  integrity sha512-+yDlUSebKpz/ovxM2vLRRx7w/gVfY767pOfYTgbIhAs+ogvIV2BsIt4fpxlThnlCNChJ+yE0ERUNoROv2kEGEQ==
  dependencies:
    "@babel/parser" "^7.15.0"
    "@vue/compiler-core" "3.2.21"
    "@vue/compiler-dom" "3.2.21"
    "@vue/compiler-ssr" "3.2.21"
    "@vue/ref-transform" "3.2.21"
    "@vue/shared" "3.2.21"
    estree-walker "^2.0.2"
    magic-string "^0.25.7"
    postcss "^8.1.10"
    source-map "^0.6.1"

"@vue/compiler-ssr@3.2.21":
  version "3.2.21"
  resolved "https://registry.yarnpkg.com/@vue/compiler-ssr/-/compiler-ssr-3.2.21.tgz#37d124f89e8adef9fd56b85775de4b5310a0436e"
  integrity sha512-eU+A0iWYy+1zAo2CRIJ0zSVlv1iuGAIbNRCnllSJ31pV1lX3jypJYzGbJlSRAbB7VP6E+tYveVT1Oq8JKewa3g==
  dependencies:
    "@vue/compiler-dom" "3.2.21"
    "@vue/shared" "3.2.21"

"@vue/reactivity@3.2.21":
  version "3.2.21"
  resolved "https://registry.yarnpkg.com/@vue/reactivity/-/reactivity-3.2.21.tgz#073ad144192ed78a07e151e95a3baa515e4099a2"
  integrity sha512-7C57zFm/5E3SSTUhVuYj1InDwuJ+GIVQ/z+H43C9sST85gIThGXVhksl1yWTAadf8Yz4T5lSbqi5Ds8U/ueWcw==
  dependencies:
    "@vue/shared" "3.2.21"

"@vue/ref-transform@3.2.21":
  version "3.2.21"
  resolved "https://registry.yarnpkg.com/@vue/ref-transform/-/ref-transform-3.2.21.tgz#b0c554c9f640c3f005f77e676066aa0faba90984"
  integrity sha512-uiEWWBsrGeun9O7dQExYWzXO3rHm/YdtFNXDVqCSoPypzOVxWxdiL+8hHeWzxMB58fVuV2sT80aUtIVyaBVZgQ==
  dependencies:
    "@babel/parser" "^7.15.0"
    "@vue/compiler-core" "3.2.21"
    "@vue/shared" "3.2.21"
    estree-walker "^2.0.2"
    magic-string "^0.25.7"

"@vue/runtime-core@3.2.21":
  version "3.2.21"
  resolved "https://registry.yarnpkg.com/@vue/runtime-core/-/runtime-core-3.2.21.tgz#e12dac8c3893b7aebfc37e32066718d8aa686ac5"
  integrity sha512-7oOxKaU0D2IunOAMOOHZgJVrHg63xwng8BZx3fbgmakqEIMwHhQcp+5GV1sOg/sWW7R4UhaRDIUCukO2GRVK2Q==
  dependencies:
    "@vue/reactivity" "3.2.21"
    "@vue/shared" "3.2.21"

"@vue/runtime-dom@3.2.21":
  version "3.2.21"
  resolved "https://registry.yarnpkg.com/@vue/runtime-dom/-/runtime-dom-3.2.21.tgz#33dd15bc85281e773177a30dc6931c294bd77aa1"
  integrity sha512-apBdriD6QsI4ywbllY8kjr9/0scGuStDuvLbJULPQkFPtHzntd51bP5PQTQVAEIc9kwnTozmj6x6ZdX/cwo7xA==
  dependencies:
    "@vue/runtime-core" "3.2.21"
    "@vue/shared" "3.2.21"
    csstype "^2.6.8"

"@vue/server-renderer@3.2.21":
  version "3.2.21"
  resolved "https://registry.yarnpkg.com/@vue/server-renderer/-/server-renderer-3.2.21.tgz#887d0a44de76f72313cff2686a24c0315231d634"
  integrity sha512-QBgYqVgI7XCSBCqGa4LduV9vpfQFdZBOodFmq5Txk5W/v1KrJ1LoOh2Q0RHiRgtoK/UR9uyvRVcYqOmwHkZNEg==
  dependencies:
    "@vue/compiler-ssr" "3.2.21"
    "@vue/shared" "3.2.21"

"@vue/shared@3.2.21":
  version "3.2.21"
  resolved "https://registry.yarnpkg.com/@vue/shared/-/shared-3.2.21.tgz#4cd80c0e62cf65a7adab2449e86b6f0cb33a130b"
  integrity sha512-5EQmIPK6gw4UVYUbM959B0uPsJ58+xoMESCZs3N89XyvJ9e+fX4pqEPrOGV8OroIk3SbEvJcC+eYc8BH9JQrHA==

anymatch@~3.1.2:
  version "3.1.2"
  resolved "https://registry.yarnpkg.com/anymatch/-/anymatch-3.1.2.tgz#c0557c096af32f106198f4f4e2a383537e378716"
  integrity sha512-P43ePfOAIupkguHUycrc4qJ9kz8ZiuOUijaETwX7THt0Y/GNK7v0aa8rY816xWjZ7rJdA5XdMcpVFTKMq+RvWg==
  dependencies:
    normalize-path "^3.0.0"
    picomatch "^2.0.4"

binary-extensions@^2.0.0:
  version "2.2.0"
  resolved "https://registry.yarnpkg.com/binary-extensions/-/binary-extensions-2.2.0.tgz#75f502eeaf9ffde42fc98829645be4ea76bd9e2d"
  integrity sha512-jDctJ/IVQbZoJykoeHbhXpOlNBqGNcwXJKJog42E5HDPUwQTSdjCHdihjj0DlnheQ7blbT6dHOafNAiS8ooQKA==

braces@~3.0.2:
  version "3.0.2"
  resolved "https://registry.yarnpkg.com/braces/-/braces-3.0.2.tgz#3454e1a462ee8d599e236df336cd9ea4f8afe107"
  integrity sha512-b8um+L1RzM3WDSzvhm6gIz1yfTbBt6YTlcEKAvsmqCZZFw46z626lVj9j1yEPW33H5H+lBQpZMP1k8l+78Ha0A==
  dependencies:
    fill-range "^7.0.1"

"chokidar@>=3.0.0 <4.0.0":
  version "3.5.2"
  resolved "https://registry.yarnpkg.com/chokidar/-/chokidar-3.5.2.tgz#dba3976fcadb016f66fd365021d91600d01c1e75"
  integrity sha512-ekGhOnNVPgT77r4K/U3GDhu+FQ2S8TnK/s2KbIGXi0SZWuwkZ2QNyfWdZW+TVfn84DpEP7rLeCt2UI6bJ8GwbQ==
  dependencies:
    anymatch "~3.1.2"
    braces "~3.0.2"
    glob-parent "~5.1.2"
    is-binary-path "~2.1.0"
    is-glob "~4.0.1"
    normalize-path "~3.0.0"
    readdirp "~3.6.0"
  optionalDependencies:
    fsevents "~2.3.2"

csstype@^2.6.8:
  version "2.6.18"
  resolved "https://registry.yarnpkg.com/csstype/-/csstype-2.6.18.tgz#980a8b53085f34af313410af064f2bd241784218"
  integrity sha512-RSU6Hyeg14am3Ah4VZEmeX8H7kLwEEirXe6aU2IPfKNvhXwTflK5HQRDNI0ypQXoqmm+QPyG2IaPuQE5zMwSIQ==

esbuild-android-arm64@0.13.12:
  version "0.13.12"
  resolved "https://registry.yarnpkg.com/esbuild-android-arm64/-/esbuild-android-arm64-0.13.12.tgz#e1f199dc05405cdc6670c00fb6c793822bf8ae4c"
  integrity sha512-TSVZVrb4EIXz6KaYjXfTzPyyRpXV5zgYIADXtQsIenjZ78myvDGaPi11o4ZSaHIwFHsuwkB6ne5SZRBwAQ7maw==

esbuild-darwin-64@0.13.12:
  version "0.13.12"
  resolved "https://registry.yarnpkg.com/esbuild-darwin-64/-/esbuild-darwin-64-0.13.12.tgz#f5c59e622955c01f050e5a7ac9c1d41db714b94d"
  integrity sha512-c51C+N+UHySoV2lgfWSwwmlnLnL0JWj/LzuZt9Ltk9ub1s2Y8cr6SQV5W3mqVH1egUceew6KZ8GyI4nwu+fhsw==

esbuild-darwin-arm64@0.13.12:
  version "0.13.12"
  resolved "https://registry.yarnpkg.com/esbuild-darwin-arm64/-/esbuild-darwin-arm64-0.13.12.tgz#8abae74c2956a8aa568fc52c78829338c4a4b988"
  integrity sha512-JvAMtshP45Hd8A8wOzjkY1xAnTKTYuP/QUaKp5eUQGX+76GIie3fCdUUr2ZEKdvpSImNqxiZSIMziEiGB5oUmQ==

esbuild-freebsd-64@0.13.12:
  version "0.13.12"
  resolved "https://registry.yarnpkg.com/esbuild-freebsd-64/-/esbuild-freebsd-64-0.13.12.tgz#6ad2ab8c0364ee7dd2d6e324d876a8e60ae75d12"
  integrity sha512-r6On/Skv9f0ZjTu6PW5o7pdXr8aOgtFOEURJZYf1XAJs0IQ+gW+o1DzXjVkIoT+n1cm3N/t1KRJfX71MPg/ZUA==

esbuild-freebsd-arm64@0.13.12:
  version "0.13.12"
  resolved "https://registry.yarnpkg.com/esbuild-freebsd-arm64/-/esbuild-freebsd-arm64-0.13.12.tgz#6f38155f4c300ac4c8adde1fde3cc6a4440a8294"
  integrity sha512-F6LmI2Q1gii073kmBE3NOTt/6zLL5zvZsxNLF8PMAwdHc+iBhD1vzfI8uQZMJA1IgXa3ocr3L3DJH9fLGXy6Yw==

esbuild-linux-32@0.13.12:
  version "0.13.12"
  resolved "https://registry.yarnpkg.com/esbuild-linux-32/-/esbuild-linux-32-0.13.12.tgz#b1d15e330188a8c21de75c3f0058628a3eefade7"
  integrity sha512-U1UZwG3UIwF7/V4tCVAo/nkBV9ag5KJiJTt+gaCmLVWH3bPLX7y+fNlhIWZy8raTMnXhMKfaTvWZ9TtmXzvkuQ==

esbuild-linux-64@0.13.12:
  version "0.13.12"
  resolved "https://registry.yarnpkg.com/esbuild-linux-64/-/esbuild-linux-64-0.13.12.tgz#25bd64b66162b02348e32d8f12e4c9ee61f1d070"
  integrity sha512-YpXSwtu2NxN3N4ifJxEdsgd6Q5d8LYqskrAwjmoCT6yQnEHJSF5uWcxv783HWN7lnGpJi9KUtDvYsnMdyGw71Q==

esbuild-linux-arm64@0.13.12:
  version "0.13.12"
  resolved "https://registry.yarnpkg.com/esbuild-linux-arm64/-/esbuild-linux-arm64-0.13.12.tgz#ba582298457cc5c9ac823a275de117620c06537f"
  integrity sha512-sgDNb8kb3BVodtAlcFGgwk+43KFCYjnFOaOfJibXnnIojNWuJHpL6aQJ4mumzNWw8Rt1xEtDQyuGK9f+Y24jGA==

esbuild-linux-arm@0.13.12:
  version "0.13.12"
  resolved "https://registry.yarnpkg.com/esbuild-linux-arm/-/esbuild-linux-arm-0.13.12.tgz#6bc81c957bff22725688cc6359c29a25765be09b"
  integrity sha512-SyiT/JKxU6J+DY2qUiSLZJqCAftIt3uoGejZ0HDnUM2MGJqEGSGh7p1ecVL2gna3PxS4P+j6WAehCwgkBPXNIw==

esbuild-linux-mips64le@0.13.12:
  version "0.13.12"
  resolved "https://registry.yarnpkg.com/esbuild-linux-mips64le/-/esbuild-linux-mips64le-0.13.12.tgz#ef3c4aba3e585d847cbade5945a8b4a5c62c7ce2"
  integrity sha512-qQJHlZBG+QwVIA8AbTEtbvF084QgDi4DaUsUnA+EolY1bxrG+UyOuGflM2ZritGhfS/k7THFjJbjH2wIeoKA2g==

esbuild-linux-ppc64le@0.13.12:
  version "0.13.12"
  resolved "https://registry.yarnpkg.com/esbuild-linux-ppc64le/-/esbuild-linux-ppc64le-0.13.12.tgz#a21fb64e80c38bef06122e48283990fc6db578e1"
  integrity sha512-2dSnm1ldL7Lppwlo04CGQUpwNn5hGqXI38OzaoPOkRsBRWFBozyGxTFSee/zHFS+Pdh3b28JJbRK3owrrRgWNw==

esbuild-netbsd-64@0.13.12:
  version "0.13.12"
  resolved "https://registry.yarnpkg.com/esbuild-netbsd-64/-/esbuild-netbsd-64-0.13.12.tgz#1ea7fc8cfce88a20a4047b867ef184049a6641ae"
  integrity sha512-D4raxr02dcRiQNbxOLzpqBzcJNFAdsDNxjUbKkDMZBkL54Z0vZh4LRndycdZAMcIdizC/l/Yp/ZsBdAFxc5nbA==

esbuild-openbsd-64@0.13.12:
  version "0.13.12"
  resolved "https://registry.yarnpkg.com/esbuild-openbsd-64/-/esbuild-openbsd-64-0.13.12.tgz#adde32f2f1b05dc4bd4fc544d6ea5a4379f9ca4d"
  integrity sha512-KuLCmYMb2kh05QuPJ+va60bKIH5wHL8ypDkmpy47lzwmdxNsuySeCMHuTv5o2Af1RUn5KLO5ZxaZeq4GEY7DaQ==

esbuild-sunos-64@0.13.12:
  version "0.13.12"
  resolved "https://registry.yarnpkg.com/esbuild-sunos-64/-/esbuild-sunos-64-0.13.12.tgz#a7ecaf52b7364fbee76dc8aa707fa3e1cff3342c"
  integrity sha512-jBsF+e0woK3miKI8ufGWKG3o3rY9DpHvCVRn5eburMIIE+2c+y3IZ1srsthKyKI6kkXLvV4Cf/E7w56kLipMXw==

esbuild-windows-32@0.13.12:
  version "0.13.12"
  resolved "https://registry.yarnpkg.com/esbuild-windows-32/-/esbuild-windows-32-0.13.12.tgz#a8756033dc905c4b7bea19be69f7ee68809f8770"
  integrity sha512-L9m4lLFQrFeR7F+eLZXG82SbXZfUhyfu6CexZEil6vm+lc7GDCE0Q8DiNutkpzjv1+RAbIGVva9muItQ7HVTkQ==

esbuild-windows-64@0.13.12:
  version "0.13.12"
  resolved "https://registry.yarnpkg.com/esbuild-windows-64/-/esbuild-windows-64-0.13.12.tgz#ae694aa66ca078acb8509b2da31197ed1f40f798"
  integrity sha512-k4tX4uJlSbSkfs78W5d9+I9gpd+7N95W7H2bgOMFPsYREVJs31+Q2gLLHlsnlY95zBoPQMIzHooUIsixQIBjaQ==

esbuild-windows-arm64@0.13.12:
  version "0.13.12"
  resolved "https://registry.yarnpkg.com/esbuild-windows-arm64/-/esbuild-windows-arm64-0.13.12.tgz#782c5a8bd6d717ea55aaafe648f9926ca36a4a88"
  integrity sha512-2tTv/BpYRIvuwHpp2M960nG7uvL+d78LFW/ikPItO+2GfK51CswIKSetSpDii+cjz8e9iSPgs+BU4o8nWICBwQ==

esbuild@^0.13.2:
  version "0.13.12"
  resolved "https://registry.yarnpkg.com/esbuild/-/esbuild-0.13.12.tgz#9cac641594bf03cf34145258c093d743ebbde7ca"
  integrity sha512-vTKKUt+yoz61U/BbrnmlG9XIjwpdIxmHB8DlPR0AAW6OdS+nBQBci6LUHU2q9WbBobMEIQxxDpKbkmOGYvxsow==
  optionalDependencies:
    esbuild-android-arm64 "0.13.12"
    esbuild-darwin-64 "0.13.12"
    esbuild-darwin-arm64 "0.13.12"
    esbuild-freebsd-64 "0.13.12"
    esbuild-freebsd-arm64 "0.13.12"
    esbuild-linux-32 "0.13.12"
    esbuild-linux-64 "0.13.12"
    esbuild-linux-arm "0.13.12"
    esbuild-linux-arm64 "0.13.12"
    esbuild-linux-mips64le "0.13.12"
    esbuild-linux-ppc64le "0.13.12"
    esbuild-netbsd-64 "0.13.12"
    esbuild-openbsd-64 "0.13.12"
    esbuild-sunos-64 "0.13.12"
    esbuild-windows-32 "0.13.12"
    esbuild-windows-64 "0.13.12"
    esbuild-windows-arm64 "0.13.12"

estree-walker@^2.0.2:
  version "2.0.2"
  resolved "https://registry.yarnpkg.com/estree-walker/-/estree-walker-2.0.2.tgz#52f010178c2a4c117a7757cfe942adb7d2da4cac"
  integrity sha512-Rfkk/Mp/DL7JVje3u18FxFujQlTNR2q6QfMSMB7AvCBx91NGj/ba3kCfza0f6dVDbw7YlRf/nDrn7pQrCCyQ/w==

fill-range@^7.0.1:
  version "7.0.1"
  resolved "https://registry.yarnpkg.com/fill-range/-/fill-range-7.0.1.tgz#1919a6a7c75fe38b2c7c77e5198535da9acdda40"
  integrity sha512-qOo9F+dMUmC2Lcb4BbVvnKJxTPjCm+RRpe4gDuGrzkL7mEVl/djYSu2OdQ2Pa302N4oqkSg9ir6jaLWJ2USVpQ==
  dependencies:
    to-regex-range "^5.0.1"

fsevents@~2.3.2:
  version "2.3.2"
  resolved "https://registry.yarnpkg.com/fsevents/-/fsevents-2.3.2.tgz#8a526f78b8fdf4623b709e0b975c52c24c02fd1a"
  integrity sha512-xiqMQR4xAeHTuB9uWm+fFRcIOgKBMiOBP+eXiyT7jsgVCq1bkVygt00oASowB7EdtpOHaaPgKt812P9ab+DDKA==

function-bind@^1.1.1:
  version "1.1.1"
  resolved "https://registry.yarnpkg.com/function-bind/-/function-bind-1.1.1.tgz#a56899d3ea3c9bab874bb9773b7c5ede92f4895d"
  integrity sha512-yIovAzMX49sF8Yl58fSCWJ5svSLuaibPxXQJFLmBObTuCr0Mf1KiPopGM9NiFjiYBCbfaa2Fh6breQ6ANVTI0A==

glob-parent@~5.1.2:
  version "5.1.2"
  resolved "https://registry.yarnpkg.com/glob-parent/-/glob-parent-5.1.2.tgz#869832c58034fe68a4093c17dc15e8340d8401c4"
  integrity sha512-AOIgSQCepiJYwP3ARnGx+5VnTu2HBYdzbGP45eLw1vr3zB3vZLeyed1sC9hnbcOc9/SrMyM5RPQrkGz4aS9Zow==
  dependencies:
    is-glob "^4.0.1"

has@^1.0.3:
  version "1.0.3"
  resolved "https://registry.yarnpkg.com/has/-/has-1.0.3.tgz#722d7cbfc1f6aa8241f16dd814e011e1f41e8796"
  integrity sha512-f2dvO0VU6Oej7RkWJGrehjbzMAjFp5/VKPp5tTpWIV4JHHZK1/BxbFRtf/siA2SWTe09caDmVtYYzWEIbBS4zw==
  dependencies:
    function-bind "^1.1.1"

is-binary-path@~2.1.0:
  version "2.1.0"
  resolved "https://registry.yarnpkg.com/is-binary-path/-/is-binary-path-2.1.0.tgz#ea1f7f3b80f064236e83470f86c09c254fb45b09"
  integrity sha512-ZMERYes6pDydyuGidse7OsHxtbI7WVeUEozgR/g7rd0xUimYNlvZRE/K2MgZTjWy725IfelLeVcEM97mmtRGXw==
  dependencies:
    binary-extensions "^2.0.0"

is-core-module@^2.2.0:
  version "2.8.0"
  resolved "https://registry.yarnpkg.com/is-core-module/-/is-core-module-2.8.0.tgz#0321336c3d0925e497fd97f5d95cb114a5ccd548"
  integrity sha512-vd15qHsaqrRL7dtH6QNuy0ndJmRDrS9HAM1CAiSifNUFv4x1a0CCVsj18hJ1mShxIG6T2i1sO78MkP56r0nYRw==
  dependencies:
    has "^1.0.3"

is-extglob@^2.1.1:
  version "2.1.1"
  resolved "https://registry.yarnpkg.com/is-extglob/-/is-extglob-2.1.1.tgz#a88c02535791f02ed37c76a1b9ea9773c833f8c2"
  integrity sha1-qIwCU1eR8C7TfHahueqXc8gz+MI=

is-glob@^4.0.1, is-glob@~4.0.1:
  version "4.0.3"
  resolved "https://registry.yarnpkg.com/is-glob/-/is-glob-4.0.3.tgz#64f61e42cbbb2eec2071a9dac0b28ba1e65d5084"
  integrity sha512-xelSayHH36ZgE7ZWhli7pW34hNbNl8Ojv5KVmkJD4hBdD3th8Tfk9vYasLM+mXWOZhFkgZfxhLSnrwRr4elSSg==
  dependencies:
    is-extglob "^2.1.1"

is-number@^7.0.0:
  version "7.0.0"
  resolved "https://registry.yarnpkg.com/is-number/-/is-number-7.0.0.tgz#7535345b896734d5f80c4d06c50955527a14f12b"
  integrity sha512-41Cifkg6e8TylSpdtTpeLVMqvSBEVzTttHvERD741+pnZ8ANv0004MRL43QKPDlK9cGvNp6NZWZUBlbGXYxxng==

isomorphic.js@^0.2.4:
  version "0.2.4"
  resolved "https://registry.yarnpkg.com/isomorphic.js/-/isomorphic.js-0.2.4.tgz#24ca374163ae54a7ce3b86ce63b701b91aa84969"
  integrity sha512-Y4NjZceAwaPXctwsHgNsmfuPxR8lJ3f8X7QTAkhltrX4oGIv+eTlgHLXn4tWysC9zGTi929gapnPp+8F8cg7nA==

lib0@^0.2.34, lib0@^0.2.42:
  version "0.2.42"
  resolved "https://registry.yarnpkg.com/lib0/-/lib0-0.2.42.tgz#6d8bf1fb8205dec37a953c521c5ee403fd8769b0"
  integrity sha512-8BNM4MiokEKzMvSxTOC3gnCBisJH+jL67CnSnqzHv3jli3pUvGC8wz+0DQ2YvGr4wVQdb2R2uNNPw9LEpVvJ4Q==
  dependencies:
    isomorphic.js "^0.2.4"

magic-string@^0.25.7:
  version "0.25.7"
  resolved "https://registry.yarnpkg.com/magic-string/-/magic-string-0.25.7.tgz#3f497d6fd34c669c6798dcb821f2ef31f5445051"
  integrity sha512-4CrMT5DOHTDk4HYDlzmwu4FVCcIYI8gauveasrdCu2IKIFOJ3f0v/8MDGJCDL9oD2ppz/Av1b0Nj345H9M+XIA==
  dependencies:
    sourcemap-codec "^1.4.4"

nanoid@^3.1.30:
  version "3.1.30"
  resolved "https://registry.yarnpkg.com/nanoid/-/nanoid-3.1.30.tgz#63f93cc548d2a113dc5dfbc63bfa09e2b9b64362"
  integrity sha512-zJpuPDwOv8D2zq2WRoMe1HsfZthVewpel9CAvTfc/2mBD1uUT/agc5f7GHGWXlYkFvi1mVxe4IjvP2HNrop7nQ==

normalize-path@^3.0.0, normalize-path@~3.0.0:
  version "3.0.0"
  resolved "https://registry.yarnpkg.com/normalize-path/-/normalize-path-3.0.0.tgz#0dcd69ff23a1c9b11fd0978316644a0388216a65"
  integrity sha512-6eZs5Ls3WtCisHWp9S2GUy8dqkpGi4BVSz3GaqiE6ezub0512ESztXUwUB6C6IKbQkY2Pnb/mD4WYojCRwcwLA==

orderedmap@^1.1.0:
  version "1.1.1"
  resolved "https://registry.yarnpkg.com/orderedmap/-/orderedmap-1.1.1.tgz#c618e77611b3b21d0fe3edc92586265e0059c789"
  integrity sha512-3Ux8um0zXbVacKUkcytc0u3HgC0b0bBLT+I60r2J/En72cI0nZffqrA7Xtf2Hqs27j1g82llR5Mhbd0Z1XW4AQ==

path-parse@^1.0.6:
  version "1.0.7"
  resolved "https://registry.yarnpkg.com/path-parse/-/path-parse-1.0.7.tgz#fbc114b60ca42b30d9daf5858e4bd68bbedb6735"
  integrity sha512-LDJzPVEEEPR+y48z93A0Ed0yXb8pAByGWo/k5YYdYgpY2/2EsOsksJrq7lOHxryrVOn1ejG6oAp8ahvOIQD8sw==

picocolors@^1.0.0:
  version "1.0.0"
  resolved "https://registry.yarnpkg.com/picocolors/-/picocolors-1.0.0.tgz#cb5bdc74ff3f51892236eaf79d68bc44564ab81c"
  integrity sha512-1fygroTLlHu66zi26VoTDv8yRgm0Fccecssto+MhsZ0D/DGW2sm8E8AjW7NU5VVTRt5GxbeZ5qBuJr+HyLYkjQ==

picomatch@^2.0.4, picomatch@^2.2.1:
  version "2.3.0"
  resolved "https://registry.yarnpkg.com/picomatch/-/picomatch-2.3.0.tgz#f1f061de8f6a4bf022892e2d128234fb98302972"
  integrity sha512-lY1Q/PiJGC2zOv/z391WOTD+Z02bCgsFfvxoXXf6h7kv9o+WmsmzYqrAwY63sNgOxE4xEdq0WyUnXfKeBrSvYw==

postcss@^8.1.10, postcss@^8.3.8:
  version "8.3.11"
  resolved "https://registry.yarnpkg.com/postcss/-/postcss-8.3.11.tgz#c3beca7ea811cd5e1c4a3ec6d2e7599ef1f8f858"
  integrity sha512-hCmlUAIlUiav8Xdqw3Io4LcpA1DOt7h3LSTAC4G6JGHFFaWzI6qvFt9oilvl8BmkbBRX1IhM90ZAmpk68zccQA==
  dependencies:
    nanoid "^3.1.30"
    picocolors "^1.0.0"
    source-map-js "^0.6.2"

prosemirror-commands@^1.1.12:
  version "1.1.12"
  resolved "https://registry.yarnpkg.com/prosemirror-commands/-/prosemirror-commands-1.1.12.tgz#5cb0fef4e5a0039e2fa19b42a5626af03d7c2ec3"
  integrity sha512-+CrMs3w/ZVPSkR+REg8KL/clyFLv/1+SgY/OMN+CB22Z24j9TZDje72vL36lOZ/E4NeRXuiCcmENcW/vAcG67A==
  dependencies:
    prosemirror-model "^1.0.0"
    prosemirror-state "^1.0.0"
    prosemirror-transform "^1.0.0"

prosemirror-dropcursor@^1.3.5:
  version "1.3.5"
  resolved "https://registry.yarnpkg.com/prosemirror-dropcursor/-/prosemirror-dropcursor-1.3.5.tgz#d2808c17089df0e441ad66016aecc2b6457c8a1f"
  integrity sha512-tNUwcF2lPAkwKBZPZRtbxpwljnODRNZ3eiYloN1DSUqDjMT1nBZm0nejaEMS1TvNQ+3amibUSAiV4hX+jpASFA==
  dependencies:
    prosemirror-state "^1.0.0"
    prosemirror-transform "^1.1.0"
    prosemirror-view "^1.1.0"

prosemirror-gapcursor@^1.2.0:
  version "1.2.0"
  resolved "https://registry.yarnpkg.com/prosemirror-gapcursor/-/prosemirror-gapcursor-1.2.0.tgz#28fb60bf3d9baf1f920907d2c3e613137204e8f3"
  integrity sha512-yCLy5+0rVqLir/KcHFathQj4Rf8aRHi80FmEfKtM0JmyzvwdomslLzDZ/pX4oFhFKDgjl/WBBBFNqDyNifWg7g==
  dependencies:
    prosemirror-keymap "^1.0.0"
    prosemirror-model "^1.0.0"
    prosemirror-state "^1.0.0"
    prosemirror-view "^1.0.0"

prosemirror-history@^1.2.0:
  version "1.2.0"
  resolved "https://registry.yarnpkg.com/prosemirror-history/-/prosemirror-history-1.2.0.tgz#04cc4df8d2f7b2a46651a2780de191ada6d465ea"
  integrity sha512-B9v9xtf4fYbKxQwIr+3wtTDNLDZcmMMmGiI3TAPShnUzvo+Rmv1GiUrsQChY1meetHl7rhML2cppF3FTs7f7UQ==
  dependencies:
    prosemirror-state "^1.2.2"
    prosemirror-transform "^1.0.0"
    rope-sequence "^1.3.0"

prosemirror-keymap@^1.0.0, prosemirror-keymap@^1.1.5:
  version "1.1.5"
  resolved "https://registry.yarnpkg.com/prosemirror-keymap/-/prosemirror-keymap-1.1.5.tgz#b5984c7d30f5c75956c853126c54e9e624c0327b"
  integrity sha512-8SZgPH3K+GLsHL2wKuwBD9rxhsbnVBTwpHCO4VUO5GmqUQlxd/2GtBVWTsyLq4Dp3N9nGgPd3+lZFKUDuVp+Vw==
  dependencies:
    prosemirror-state "^1.0.0"
    w3c-keyname "^2.2.0"

prosemirror-model@^1.0.0, prosemirror-model@^1.14.3, prosemirror-model@^1.15.0:
  version "1.15.0"
  resolved "https://registry.yarnpkg.com/prosemirror-model/-/prosemirror-model-1.15.0.tgz#23bc09098daa7c309dba90a76a1b989ce6f61405"
  integrity sha512-hQJv7SnIhlAy9ga3lhPPgaufhvCbQB9tHwscJ9E1H1pPHmN8w5V/lURueoYv9Kc3/bpNWoyHa8r3g//m7N0ChQ==
  dependencies:
    orderedmap "^1.1.0"

prosemirror-schema-list@^1.1.6:
  version "1.1.6"
  resolved "https://registry.yarnpkg.com/prosemirror-schema-list/-/prosemirror-schema-list-1.1.6.tgz#c3e13fe2f74750e4a53ff88d798dc0c4ccca6707"
  integrity sha512-aFGEdaCWmJzouZ8DwedmvSsL50JpRkqhQ6tcpThwJONVVmCgI36LJHtoQ4VGZbusMavaBhXXr33zyD2IVsTlkw==
  dependencies:
    prosemirror-model "^1.0.0"
    prosemirror-transform "^1.0.0"

prosemirror-state@^1.0.0, prosemirror-state@^1.2.2, prosemirror-state@^1.3.4:
  version "1.3.4"
  resolved "https://registry.yarnpkg.com/prosemirror-state/-/prosemirror-state-1.3.4.tgz#4c6b52628216e753fc901c6d2bfd84ce109e8952"
  integrity sha512-Xkkrpd1y/TQ6HKzN3agsQIGRcLckUMA9u3j207L04mt8ToRgpGeyhbVv0HI7omDORIBHjR29b7AwlATFFf2GLA==
  dependencies:
    prosemirror-model "^1.0.0"
    prosemirror-transform "^1.0.0"

prosemirror-transform@^1.0.0, prosemirror-transform@^1.1.0, prosemirror-transform@^1.3.3:
  version "1.3.3"
  resolved "https://registry.yarnpkg.com/prosemirror-transform/-/prosemirror-transform-1.3.3.tgz#5f6712b0577a119cc418686fe7588b6dd9b7464d"
  integrity sha512-9NLVXy1Sfa2G6qPqhWMkEvwQQMTw7OyTqOZbJaGQWsCeH3hH5Cw+c5eNaLM1Uu75EyKLsEZhJ93XpHJBa6RX8A==
  dependencies:
    prosemirror-model "^1.0.0"

prosemirror-view@^1.0.0, prosemirror-view@^1.1.0, prosemirror-view@^1.21.0:
  version "1.22.0"
  resolved "https://registry.yarnpkg.com/prosemirror-view/-/prosemirror-view-1.22.0.tgz#235dca38ed62ae028d627be5684d45b36550d310"
  integrity sha512-kCZoHp0Sa2AHhwV64aNFi69QlqBocZ8G8gbvZRFDdEj57whOCdPjdVLYBVyM9+S5oHDSrzjkoMm+JvvHFhMRJw==
  dependencies:
    prosemirror-model "^1.14.3"
    prosemirror-state "^1.0.0"
    prosemirror-transform "^1.1.0"

readdirp@~3.6.0:
  version "3.6.0"
  resolved "https://registry.yarnpkg.com/readdirp/-/readdirp-3.6.0.tgz#74a370bd857116e245b29cc97340cd431a02a6c7"
  integrity sha512-hOS089on8RduqdbhvQ5Z37A0ESjsqz6qnRcffsMU3495FuTdqSm+7bhJ29JvIOsBDEEnan5DPu9t3To9VRlMzA==
  dependencies:
    picomatch "^2.2.1"

resolve@^1.20.0:
  version "1.20.0"
  resolved "https://registry.yarnpkg.com/resolve/-/resolve-1.20.0.tgz#629a013fb3f70755d6f0b7935cc1c2c5378b1975"
  integrity sha512-wENBPt4ySzg4ybFQW2TT1zMQucPK95HSh/nq2CFTZVOGut2+pQvSsgtda4d26YrYcr067wjbmzOG8byDPBX63A==
  dependencies:
    is-core-module "^2.2.0"
    path-parse "^1.0.6"

rollup@^2.57.0:
  version "2.59.0"
  resolved "https://registry.yarnpkg.com/rollup/-/rollup-2.59.0.tgz#108c61b0fa0a37ebc8d1f164f281622056f0db59"
  integrity sha512-l7s90JQhCQ6JyZjKgo7Lq1dKh2RxatOM+Jr6a9F7WbS9WgKbocyUSeLmZl8evAse7y96Ae98L2k1cBOwWD8nHw==
  optionalDependencies:
    fsevents "~2.3.2"

rope-sequence@^1.3.0:
  version "1.3.2"
  resolved "https://registry.yarnpkg.com/rope-sequence/-/rope-sequence-1.3.2.tgz#a19e02d72991ca71feb6b5f8a91154e48e3c098b"
  integrity sha512-ku6MFrwEVSVmXLvy3dYph3LAMNS0890K7fabn+0YIRQ2T96T9F4gkFf0vf0WW0JUraNWwGRtInEpH7yO4tbQZg==

sass@^1.43.3:
  version "1.43.4"
  resolved "https://registry.yarnpkg.com/sass/-/sass-1.43.4.tgz#68c7d6a1b004bef49af0d9caf750e9b252105d1f"
  integrity sha512-/ptG7KE9lxpGSYiXn7Ar+lKOv37xfWsZRtFYal2QHNigyVQDx685VFT/h7ejVr+R8w7H4tmUgtulsKl5YpveOg==
  dependencies:
    chokidar ">=3.0.0 <4.0.0"

source-map-js@^0.6.2:
  version "0.6.2"
  resolved "https://registry.yarnpkg.com/source-map-js/-/source-map-js-0.6.2.tgz#0bb5de631b41cfbda6cfba8bd05a80efdfd2385e"
  integrity sha512-/3GptzWzu0+0MBQFrDKzw/DvvMTUORvgY6k6jd/VS6iCR4RDTKWH6v6WPwQoUO8667uQEf9Oe38DxAYWY5F/Ug==

source-map@^0.6.1:
  version "0.6.1"
  resolved "https://registry.yarnpkg.com/source-map/-/source-map-0.6.1.tgz#74722af32e9614e9c287a8d0bbde48b5e2f1a263"
  integrity sha512-UjgapumWlbMhkBgzT7Ykc5YXUT46F0iKu8SGXq0bcwP5dz/h0Plj6enJqjz1Zbq2l5WaqYnrVbwWOWMyF3F47g==

sourcemap-codec@^1.4.4:
  version "1.4.8"
  resolved "https://registry.yarnpkg.com/sourcemap-codec/-/sourcemap-codec-1.4.8.tgz#ea804bd94857402e6992d05a38ef1ae35a9ab4c4"
  integrity sha512-9NykojV5Uih4lgo5So5dtw+f0JgJX30KCNI8gwhz2J9A15wD0Ml6tjHKwf6fTSa6fAdVBdZeNOs9eJ71qCk8vA==

tippy.js@^6.3.4:
  version "6.3.5"
  resolved "https://registry.yarnpkg.com/tippy.js/-/tippy.js-6.3.5.tgz#cbc99d34f87ccc127e6460032b86c8d47971d38f"
  integrity sha512-B9hAQ5KNF+jDJRg6cRysV6Y3J+5fiNfD60GuXR5TP0sfrcltpgdzVc7f1wMtjQ3W0+Xsy80CDvk0Z+Vr0cM4sQ==
  dependencies:
    "@popperjs/core" "^2.9.0"

to-regex-range@^5.0.1:
  version "5.0.1"
  resolved "https://registry.yarnpkg.com/to-regex-range/-/to-regex-range-5.0.1.tgz#1648c44aae7c8d988a326018ed72f5b4dd0392e4"
  integrity sha512-65P7iz6X5yEr1cwcgvQxbbIw7Uk3gOy5dIdtZ4rDveLqhrdJP+Li/Hx6tyK0NEb+2GCyneCMJiGqrADCSNk8sQ==
  dependencies:
    is-number "^7.0.0"

vite@^2.6.4:
  version "2.6.13"
  resolved "https://registry.yarnpkg.com/vite/-/vite-2.6.13.tgz#16b3ec85a66d5b461ac29a903874d4357f9af432"
  integrity sha512-+tGZ1OxozRirTudl4M3N3UTNJOlxdVo/qBl2IlDEy/ZpTFcskp+k5ncNjayR3bRYTCbqSOFz2JWGN1UmuDMScA==
  dependencies:
    esbuild "^0.13.2"
    postcss "^8.3.8"
    resolve "^1.20.0"
    rollup "^2.57.0"
  optionalDependencies:
    fsevents "~2.3.2"

vue@^3.2.16:
  version "3.2.21"
  resolved "https://registry.yarnpkg.com/vue/-/vue-3.2.21.tgz#55f5665172d95cf97e806b9aad0a375180be23a1"
  integrity sha512-jpy7ckXdyclfRzqLjL4mtq81AkzQleE54KjZsJg/9OorNVurAxdlU5XpD49GpjKdnftuffKUvx2C5jDOrgc/zg==
  dependencies:
    "@vue/compiler-dom" "3.2.21"
    "@vue/compiler-sfc" "3.2.21"
    "@vue/runtime-dom" "3.2.21"
    "@vue/server-renderer" "3.2.21"
    "@vue/shared" "3.2.21"

w3c-keyname@^2.2.0:
  version "2.2.4"
  resolved "https://registry.yarnpkg.com/w3c-keyname/-/w3c-keyname-2.2.4.tgz#4ade6916f6290224cdbd1db8ac49eab03d0eef6b"
  integrity sha512-tOhfEwEzFLJzf6d1ZPkYfGj+FWhIpBux9ppoP3rlclw3Z0BZv3N7b7030Z1kYth+6rDuAsXUFr+d0VE6Ed1ikw==

y-prosemirror@^1.0.9:
  version "1.0.9"
  resolved "https://registry.yarnpkg.com/y-prosemirror/-/y-prosemirror-1.0.9.tgz#c0b5bf4e2c6620093ba0658c2aca52055346a683"
  integrity sha512-OM12aPx04lwiIy1IOBidb6ONAof2KFxQE/Gww26SEsMQuA2dibrJkjaMwXwY1KnYY7yOpwbIFRdwecdNXLU9yQ==
  dependencies:
    lib0 "^0.2.34"

y-protocols@^1.0.5:
  version "1.0.5"
  resolved "https://registry.yarnpkg.com/y-protocols/-/y-protocols-1.0.5.tgz#91d574250060b29fcac8f8eb5e276fbad594245e"
  integrity sha512-Wil92b7cGk712lRHDqS4T90IczF6RkcvCwAD0A2OPg+adKmOe+nOiT/N2hvpQIWS3zfjmtL4CPaH5sIW1Hkm/A==
  dependencies:
    lib0 "^0.2.42"

yjs@^13.5.0, yjs@^13.5.16:
  version "13.5.18"
  resolved "https://registry.yarnpkg.com/yjs/-/yjs-13.5.18.tgz#4151f381b170726b69be26296fd84b2efdc82e6e"
  integrity sha512-6LcTL8gRe12fy89OvXG6Xs/uhsl7iwE4Wh106H1NItkcqcUaY2waTje1NVWmOZNXHXWVAzdf/fBQqB4Phq9sGA==
  dependencies:
    lib0 "^0.2.42"
