# THIS IS AN AUTOGENERATED FILE. DO NOT EDIT THIS FILE DIRECTLY.
# yarn lockfile v1


"@babel/parser@^7.15.0":
  version "7.15.8"
  resolved "https://registry.yarnpkg.com/@babel/parser/-/parser-7.15.8.tgz#7bacdcbe71bdc3ff936d510c15dcea7cf0b99016"
  integrity sha512-BRYa3wcQnjS/nqI8Ac94pYYpJfojHVvVXJ97+IDCImX4Jc8W8Xv1+47enbruk+q1etOpsQNwnfFcNGw+gtPGxA==

"@popperjs/core@^2.9.0":
  version "2.10.2"
  resolved "https://registry.yarnpkg.com/@popperjs/core/-/core-2.10.2.tgz#0798c03351f0dea1a5a4cabddf26a55a7cbee590"
  integrity sha512-IXf3XA7+XyN7CP9gGh/XB0UxVMlvARGEgGXLubFICsUMGz6Q+DU+i4gGlpOxTjKvXjkJDJC8YdqdKkDj9qZHEQ==

"@tiptap/core@^2.0.0-beta.128":
  version "2.0.0-beta.128"
  resolved "https://registry.yarnpkg.com/@tiptap/core/-/core-2.0.0-beta.128.tgz#13ff74b611e30b3b3d934aff7d223b61183c7270"
  integrity sha512-i+So3uS6cfPDJLJjZ9DhWg6bfmSk3h8rhKKjyxlSW1wKkXoLw0r5sBuHMg3jBnUIKQrWICSHJR44bsA1rbDnRw==
  dependencies:
    "@types/prosemirror-commands" "^1.0.4"
    "@types/prosemirror-keymap" "^1.0.4"
    "@types/prosemirror-model" "^1.13.2"
    "@types/prosemirror-schema-list" "^1.0.3"
    "@types/prosemirror-state" "^1.2.7"
    "@types/prosemirror-transform" "^1.1.4"
    "@types/prosemirror-view" "^1.19.1"
    prosemirror-commands "^1.1.11"
    prosemirror-keymap "^1.1.3"
    prosemirror-model "^1.15.0"
    prosemirror-schema-list "^1.1.6"
    prosemirror-state "^1.3.4"
    prosemirror-transform "^1.3.3"
    prosemirror-view "^1.20.3"

"@tiptap/extension-blockquote@^2.0.0-beta.19":
  version "2.0.0-beta.19"
  resolved "https://registry.yarnpkg.com/@tiptap/extension-blockquote/-/extension-blockquote-2.0.0-beta.19.tgz#4b1dfd0ec511f889ddb0f34cd09e57a0db877dc0"
  integrity sha512-9y8keXSm4E5mdh/EocdbrJ/H71qyXv2jajRHIsXj1SaJqLaz4JbSQGrX3j2r0ia3KW3YNFFIHl/z33fU70YfGQ==

"@tiptap/extension-bold@^2.0.0-beta.19":
  version "2.0.0-beta.19"
  resolved "https://registry.yarnpkg.com/@tiptap/extension-bold/-/extension-bold-2.0.0-beta.19.tgz#9426b5fcb2bfb79082f9efefbafff955d26d023e"
  integrity sha512-pbYMK3Lz78XFi+1OisdjuGQcjRnzHXeYivh9A4xP1fmSOS6t/lQsu2P2uDhFNXtz45dLcLTOkqnE0j5lj3TGMg==

"@tiptap/extension-bubble-menu@^2.0.0-beta.42":
  version "2.0.0-beta.42"
  resolved "https://registry.yarnpkg.com/@tiptap/extension-bubble-menu/-/extension-bubble-menu-2.0.0-beta.42.tgz#40c2783860721e861b3eb11aa2a076d1944058c2"
  integrity sha512-H+pGpSk0mK4BRm4RbevgT+ir1bEwlS1dEwi2YIPYVl+JSpuGS2P1jTWeZpCou9cewNuxxwrAarhp4aEvJrL8UQ==
  dependencies:
    prosemirror-state "^1.3.4"
    prosemirror-view "^1.20.3"
    tippy.js "^6.3.2"

"@tiptap/extension-bullet-list@^2.0.0-beta.18":
  version "2.0.0-beta.18"
  resolved "https://registry.yarnpkg.com/@tiptap/extension-bullet-list/-/extension-bullet-list-2.0.0-beta.18.tgz#ab33426a3ea03cea11863e44aad9e48fc18d478c"
  integrity sha512-dOf2Wx9bmgpBQIxhw7b+g1GhbIyIox7FIiIEkkSgqDtx8wPPYlnGwHRxopj4a57VbqRkRtspJZp52/vhP3is5w==

"@tiptap/extension-code-block@^2.0.0-beta.24":
  version "2.0.0-beta.24"
  resolved "https://registry.yarnpkg.com/@tiptap/extension-code-block/-/extension-code-block-2.0.0-beta.24.tgz#f3d45d4ae0cdc2bf94ed5e61a5421c72b2bd3a53"
  integrity sha512-Q6KxBe3FB+dMe/prlfeixXSVqGTmnOmIL2/10B1RzSj7Mj9SgzqQEHZFm3dKVqpYuMOYJ6S6edkW33E0Wq9ahQ==
  dependencies:
    prosemirror-state "^1.3.4"

"@tiptap/extension-code@^2.0.0-beta.20":
  version "2.0.0-beta.20"
  resolved "https://registry.yarnpkg.com/@tiptap/extension-code/-/extension-code-2.0.0-beta.20.tgz#0f5ff7e827ae09c26d23ddc9e62f6375d2f1c0f8"
  integrity sha512-25twg/rsg5CxTOfDgYzg1GbwrtdzNX2vCQyYsauXfPI1kbrWXdVBYWeL4iHdJk5WElfH9WUbQ4kMGh13/KCG/g==

"@tiptap/extension-document@^2.0.0-beta.13":
  version "2.0.0-beta.13"
  resolved "https://registry.yarnpkg.com/@tiptap/extension-document/-/extension-document-2.0.0-beta.13.tgz#8cfb29d4de64bf4a790817f730c05b4f9b7167b2"
  integrity sha512-nrufdKziA/wovaY4DjGkc8OGuIZi8CH8CW3+yYfeWbruwFKkyZHlZy9nplFWSEqBHPAeqD+px9r91yGMW3ontA==

"@tiptap/extension-dropcursor@^2.0.0-beta.19":
  version "2.0.0-beta.19"
  resolved "https://registry.yarnpkg.com/@tiptap/extension-dropcursor/-/extension-dropcursor-2.0.0-beta.19.tgz#8a37ffe27e484eb44dd18297830d1fd8ce0c50ce"
  integrity sha512-rslIcVvD42NNh5sEbkCkG03DWMFBrS5KoK+lDOdIcC1DjmTtpVgcLvvE01btzaB3ljx+UVqI2Zaxa6VOiTeEMw==
  dependencies:
    "@types/prosemirror-dropcursor" "^1.0.3"
    prosemirror-dropcursor "^1.3.5"

"@tiptap/extension-floating-menu@^2.0.0-beta.36":
  version "2.0.0-beta.36"
  resolved "https://registry.yarnpkg.com/@tiptap/extension-floating-menu/-/extension-floating-menu-2.0.0-beta.36.tgz#313082e2dd22b6b20c81aa4e98f7c9bcfd47ebe7"
  integrity sha512-Pm9KK+Y7YUgMrlvqa/MgxV0WOTBiOp8d2kpt7OwGv/ahjc4amv0HFbei7glsiJ56VtOv8lsjiuBS+m2ctWHWVQ==
  dependencies:
    prosemirror-state "^1.3.4"
    prosemirror-view "^1.20.3"
    tippy.js "^6.3.2"

"@tiptap/extension-gapcursor@^2.0.0-beta.28":
  version "2.0.0-beta.28"
  resolved "https://registry.yarnpkg.com/@tiptap/extension-gapcursor/-/extension-gapcursor-2.0.0-beta.28.tgz#7acdefeeb4215a3a453c6ac59e6233b808b8457e"
  integrity sha512-8JsvzVRh/ZzO+yEj7HtpXOcHo7eYIo2/uSIbFx24RM3f1TZd2/icFHUg8yMlj0tdXk9i6N270t2L/Qs7SysvFA==
  dependencies:
    "@types/prosemirror-gapcursor" "^1.0.4"
    prosemirror-gapcursor "^1.2.0"

"@tiptap/extension-hard-break@^2.0.0-beta.24":
  version "2.0.0-beta.24"
  resolved "https://registry.yarnpkg.com/@tiptap/extension-hard-break/-/extension-hard-break-2.0.0-beta.24.tgz#8518cf253c24a316824fdac41ffe195fe934bfb2"
  integrity sha512-0oEHUlQKQZRQmrbKARFPBVVRBWdekR27ro+qg+T6nzEHYSRkJ7dWBswGSNul1v1XEp52JqniZ3el0w1xdYMR0w==

"@tiptap/extension-heading@^2.0.0-beta.18":
  version "2.0.0-beta.18"
  resolved "https://registry.yarnpkg.com/@tiptap/extension-heading/-/extension-heading-2.0.0-beta.18.tgz#ffaee32ab0286ac047a3f38a52f870538155e30c"
  integrity sha512-JJtB1pNHkqC9z/z/6B+xQpDd1w5EaLp++yG8eoY9NCq3ZCRhwULda+Uq7reA9D0PdEDpASsTSS2qLu8ZAtgUeA==

"@tiptap/extension-history@^2.0.0-beta.16":
  version "2.0.0-beta.16"
  resolved "https://registry.yarnpkg.com/@tiptap/extension-history/-/extension-history-2.0.0-beta.16.tgz#f40317bab795e2daf981aa1a01d6025f306be72c"
  integrity sha512-nrNwV8a7zUt1t2I/kPX5Y6N9vZ8mrugimJIQmPGIp/4mmw1SEUzkaPpIsv6+ELmqMHSDktQ0ofb3pXeWDXWZvw==
  dependencies:
    "@types/prosemirror-history" "^1.0.3"
    prosemirror-history "^1.2.0"

"@tiptap/extension-horizontal-rule@^2.0.0-beta.24":
  version "2.0.0-beta.24"
  resolved "https://registry.yarnpkg.com/@tiptap/extension-horizontal-rule/-/extension-horizontal-rule-2.0.0-beta.24.tgz#ffd6226a98a62c5314012b8c1cc60c90709d0b9c"
  integrity sha512-kRHJySSJl6QgPvnD+MkN3rzwQgInbq5zE4oxPPbgqYkaAcVSL/q7JBQK1dXMMFaslQlYmEgM6Eh3oU5vo9gUdQ==
  dependencies:
    prosemirror-state "^1.3.4"

"@tiptap/extension-italic@^2.0.0-beta.19":
  version "2.0.0-beta.19"
  resolved "https://registry.yarnpkg.com/@tiptap/extension-italic/-/extension-italic-2.0.0-beta.19.tgz#8f140e778e8cbd2281df6463d895d3632280c26f"
  integrity sha512-gEVDqEz25glLuOPW1IOPJy/AIrTgsm164XSi9lnwS1uZa1bmEAKpoALN0+9VzSVaBOmrg2tycMo+iuOhYxFb7w==

"@tiptap/extension-list-item@^2.0.0-beta.14":
  version "2.0.0-beta.14"
  resolved "https://registry.yarnpkg.com/@tiptap/extension-list-item/-/extension-list-item-2.0.0-beta.14.tgz#65a9ff9daa11bc9ca8bc2989a891abe68081cfbd"
  integrity sha512-t6xwEqP+d5443Ul2Jvqz9kXb3ro7bA7yY9HA0vskm3120WxxHW9jxgxZN+82Ot5Tm7nXOAlsN6vuqnt4idnxZQ==

"@tiptap/extension-ordered-list@^2.0.0-beta.19":
  version "2.0.0-beta.19"
  resolved "https://registry.yarnpkg.com/@tiptap/extension-ordered-list/-/extension-ordered-list-2.0.0-beta.19.tgz#eeab2e8488b84ba7deb93b299370dc187d37c98a"
  integrity sha512-PHC5pA1gohxCJF2xMXOzruPt8XWyWLun3vhJL2AIUUzUoGJmSRhsc8Wreeozdlf8HkKrqnsIuk5tp6IEsau6Pw==

"@tiptap/extension-paragraph@^2.0.0-beta.17":
  version "2.0.0-beta.17"
  resolved "https://registry.yarnpkg.com/@tiptap/extension-paragraph/-/extension-paragraph-2.0.0-beta.17.tgz#f8f0263359b95dec9c10078699697908568d9be9"
  integrity sha512-qCQVCf9c2hgaeIdfy22PaoZyW5Vare/1aGkOEAaZma5RjrUbV9hrRKwoW9LsDjnh1EN1fIeKdg02yEhnHWtG8A==

"@tiptap/extension-strike@^2.0.0-beta.21":
  version "2.0.0-beta.21"
  resolved "https://registry.yarnpkg.com/@tiptap/extension-strike/-/extension-strike-2.0.0-beta.21.tgz#d4b7f0d52a275bc6a4ddc60fe546495d9f77f041"
  integrity sha512-uYU5k05MChVtZUwWMXAl+xp3IGx/N/+8VZaeJDlIZfg0hew+ZdEGVjwzgCQc1PAuEZriHhbpPg1yOdcHjWga8Q==

"@tiptap/extension-text@^2.0.0-beta.13":
  version "2.0.0-beta.13"
  resolved "https://registry.yarnpkg.com/@tiptap/extension-text/-/extension-text-2.0.0-beta.13.tgz#da0af8d9a3f149d20076e15d88c6af21fb6d940f"
  integrity sha512-0EtAwuRldCAoFaL/iXgkRepEeOd55rPg5N4FQUN1xTwZT7PDofukP0DG/2jff/Uj17x4uTaJAa9qlFWuNnDvjw==

"@tiptap/starter-kit@^2.0.0-beta.130":
  version "2.0.0-beta.130"
  resolved "https://registry.yarnpkg.com/@tiptap/starter-kit/-/starter-kit-2.0.0-beta.130.tgz#8f5be7853ab344c653a97ddef6a9cd823d97ccad"
  integrity sha512-daJQNkRfK4/3/gsIE7N464M1BIJ9OBHrqx6mj65JHzKc7/jqEfaPtZ3jy91KJd378ycT3oiTBSlN+q6zN/VsOA==
  dependencies:
    "@tiptap/core" "^2.0.0-beta.128"
    "@tiptap/extension-blockquote" "^2.0.0-beta.19"
    "@tiptap/extension-bold" "^2.0.0-beta.19"
    "@tiptap/extension-bullet-list" "^2.0.0-beta.18"
    "@tiptap/extension-code" "^2.0.0-beta.20"
    "@tiptap/extension-code-block" "^2.0.0-beta.24"
    "@tiptap/extension-document" "^2.0.0-beta.13"
    "@tiptap/extension-dropcursor" "^2.0.0-beta.19"
    "@tiptap/extension-gapcursor" "^2.0.0-beta.28"
    "@tiptap/extension-hard-break" "^2.0.0-beta.24"
    "@tiptap/extension-heading" "^2.0.0-beta.18"
    "@tiptap/extension-history" "^2.0.0-beta.16"
    "@tiptap/extension-horizontal-rule" "^2.0.0-beta.24"
    "@tiptap/extension-italic" "^2.0.0-beta.19"
    "@tiptap/extension-list-item" "^2.0.0-beta.14"
    "@tiptap/extension-ordered-list" "^2.0.0-beta.19"
    "@tiptap/extension-paragraph" "^2.0.0-beta.17"
    "@tiptap/extension-strike" "^2.0.0-beta.21"
    "@tiptap/extension-text" "^2.0.0-beta.13"

"@tiptap/vue-3@^2.0.0-beta.72":
  version "2.0.0-beta.72"
  resolved "https://registry.yarnpkg.com/@tiptap/vue-3/-/vue-3-2.0.0-beta.72.tgz#3dbd1da673909cb6dc2e2049311eed6353fbcb88"
  integrity sha512-uCu0eguG1UtIuwHHYW8k3X9g7tJITtAn3W7Ibx4EwqN76wFWyAqTWjsyRGto0YBXU+6CUekDmDCCrGlfLBM3vQ==
  dependencies:
    "@tiptap/extension-bubble-menu" "^2.0.0-beta.42"
    "@tiptap/extension-floating-menu" "^2.0.0-beta.36"
    prosemirror-state "^1.3.4"
    prosemirror-view "^1.20.3"

"@types/orderedmap@*":
  version "1.0.0"
  resolved "https://registry.yarnpkg.com/@types/orderedmap/-/orderedmap-1.0.0.tgz#807455a192bba52cbbb4517044bc82bdbfa8c596"
  integrity sha512-dxKo80TqYx3YtBipHwA/SdFmMMyLCnP+5mkEqN0eMjcTBzHkiiX0ES118DsjDBjvD+zeSsSU9jULTZ+frog+Gw==

"@types/prosemirror-commands@*", "@types/prosemirror-commands@^1.0.4":
  version "1.0.4"
  resolved "https://registry.yarnpkg.com/@types/prosemirror-commands/-/prosemirror-commands-1.0.4.tgz#d08551415127d93ae62e7239d30db0b5e7208e22"
  integrity sha512-utDNYB3EXLjAfYIcRWJe6pn3kcQ5kG4RijbT/0Y/TFOm6yhvYS/D9eJVnijdg9LDjykapcezchxGRqFD5LcyaQ==
  dependencies:
    "@types/prosemirror-model" "*"
    "@types/prosemirror-state" "*"
    "@types/prosemirror-view" "*"

"@types/prosemirror-dropcursor@^1.0.3":
  version "1.0.3"
  resolved "https://registry.yarnpkg.com/@types/prosemirror-dropcursor/-/prosemirror-dropcursor-1.0.3.tgz#49250849b8a0b86e8c29eb1ba70a463e53e46947"
  integrity sha512-b0/8njnJ4lwyHKcGuCMf3x7r1KjxyugB1R/c2iMCjplsJHSC7UY9+OysqgJR5uUXRekUSGniiLgBtac/lvH6wg==
  dependencies:
    "@types/prosemirror-state" "*"

"@types/prosemirror-gapcursor@^1.0.4":
  version "1.0.4"
  resolved "https://registry.yarnpkg.com/@types/prosemirror-gapcursor/-/prosemirror-gapcursor-1.0.4.tgz#7df7d373edb33ea8da12084bfd462cf84cd69761"
  integrity sha512-9xKjFIG5947dzerFvkLWp6F53JwrUYoYwh3SgcTFEp8SbSfNNrez/PFYVZKPnoqPoaK5WtTdQTaMwpCV9rXQIg==
  dependencies:
    "@types/prosemirror-model" "*"
    "@types/prosemirror-state" "*"

"@types/prosemirror-history@^1.0.3":
  version "1.0.3"
  resolved "https://registry.yarnpkg.com/@types/prosemirror-history/-/prosemirror-history-1.0.3.tgz#f1110efbe758129b5475e466ff077f0a8d9b964f"
  integrity sha512-5TloMDRavgLjOAKXp1Li8u0xcsspzbT1Cm9F2pwHOkgvQOz1jWQb2VIXO7RVNsFjLBZdIXlyfSLivro3DuMWXg==
  dependencies:
    "@types/prosemirror-model" "*"
    "@types/prosemirror-state" "*"

"@types/prosemirror-keymap@^1.0.4":
  version "1.0.4"
  resolved "https://registry.yarnpkg.com/@types/prosemirror-keymap/-/prosemirror-keymap-1.0.4.tgz#f73c79810e8d0e0a20d153d84f998f02e5afbc0c"
  integrity sha512-ycevwkqUh+jEQtPwqO7sWGcm+Sybmhu8MpBsM8DlO3+YTKnXbKA6SDz/+q14q1wK3UA8lHJyfR+v+GPxfUSemg==
  dependencies:
    "@types/prosemirror-commands" "*"
    "@types/prosemirror-model" "*"
    "@types/prosemirror-state" "*"
    "@types/prosemirror-view" "*"

"@types/prosemirror-model@*", "@types/prosemirror-model@^1.13.2":
  version "1.13.2"
  resolved "https://registry.yarnpkg.com/@types/prosemirror-model/-/prosemirror-model-1.13.2.tgz#2adad3ec478f83204f155d7fb94c9dfde2fc3296"
  integrity sha512-a2rDB0aZ+7aIP7uBqQq1wLb4Hg4qqEvpkCqvhsgT/gG8IWC0peCAZfQ24sgTco0qSJLeDgIbtPeU6mgr869/kg==
  dependencies:
    "@types/orderedmap" "*"

"@types/prosemirror-schema-list@^1.0.3":
  version "1.0.3"
  resolved "https://registry.yarnpkg.com/@types/prosemirror-schema-list/-/prosemirror-schema-list-1.0.3.tgz#bdf1893a7915fbdc5c49b3cac9368e96213d70de"
  integrity sha512-uWybOf+M2Ea7rlbs0yLsS4YJYNGXYtn4N+w8HCw3Vvfl6wBAROzlMt0gV/D/VW/7J/LlAjwMezuGe8xi24HzXA==
  dependencies:
    "@types/orderedmap" "*"
    "@types/prosemirror-model" "*"
    "@types/prosemirror-state" "*"

"@types/prosemirror-state@*", "@types/prosemirror-state@^1.2.7":
  version "1.2.7"
  resolved "https://registry.yarnpkg.com/@types/prosemirror-state/-/prosemirror-state-1.2.7.tgz#cd55062e4043a31e3426f47668f1d7038b5d8dfb"
  integrity sha512-clJf5uw3/XQnBJtl2RqYXoLMGBySnLYl43xtDvFfQZKkLnnYcM1SDU8dcz7lWjl2Dm+H98RpLOl44pp7DYT+wA==
  dependencies:
    "@types/prosemirror-model" "*"
    "@types/prosemirror-transform" "*"
    "@types/prosemirror-view" "*"

"@types/prosemirror-transform@*", "@types/prosemirror-transform@^1.1.4":
  version "1.1.4"
  resolved "https://registry.yarnpkg.com/@types/prosemirror-transform/-/prosemirror-transform-1.1.4.tgz#c3565e81b2ef3ce3254e6927d6f63eb8d7bb20d0"
  integrity sha512-HP1PauvkqSgDquZut8HaLOTUDQ6jja/LAy4OA7tTS1XG7wqRnX3gLUyEj0mD6vFd4y8BPkNddNdOh/BeGHlUjg==
  dependencies:
    "@types/prosemirror-model" "*"

"@types/prosemirror-view@*", "@types/prosemirror-view@^1.19.1":
  version "1.19.1"
  resolved "https://registry.yarnpkg.com/@types/prosemirror-view/-/prosemirror-view-1.19.1.tgz#f12309ef07dfb701d20c2e4d0292d42ba34a081b"
  integrity sha512-fyQ4NVxAdfISWrE2qT8cpZdosXoH/1JuVYMBs9CdaXPbvi/8R2L2tkkcMRM314piKrO8nfYH5OBZKzP2Ax3jtA==
  dependencies:
    "@types/prosemirror-model" "*"
    "@types/prosemirror-state" "*"
    "@types/prosemirror-transform" "*"

"@vitejs/plugin-vue@^1.9.3":
  version "1.9.3"
  resolved "https://registry.yarnpkg.com/@vitejs/plugin-vue/-/plugin-vue-1.9.3.tgz#93d61893ce6c723d0209af0483ec8b91a2cd811f"
  integrity sha512-yW6H/q+4Mc2PcVjSOelcsMrg/k15DnMUz8jyCFsI04emc3aLwo4AoofUfGnjHUkgirrDxSJLVqQVGhonQ3yykA==

"@vue/compiler-core@3.2.20":
  version "3.2.20"
  resolved "https://registry.yarnpkg.com/@vue/compiler-core/-/compiler-core-3.2.20.tgz#af5a3c5237818835b0d0be837eb5885a8d21c160"
  integrity sha512-vcEXlKXoPwBXFP5aUTHN9GTZaDfwCofa9Yu9bbW2C5O/QSa9Esdt7OG4+0RRd3EHEMxUvEdj4RZrd/KpQeiJbA==
  dependencies:
    "@babel/parser" "^7.15.0"
    "@vue/shared" "3.2.20"
    estree-walker "^2.0.2"
    source-map "^0.6.1"

"@vue/compiler-dom@3.2.20":
  version "3.2.20"
  resolved "https://registry.yarnpkg.com/@vue/compiler-dom/-/compiler-dom-3.2.20.tgz#8e0ef354449c0faf41519b00bfc2045eae01dcb5"
  integrity sha512-QnI77ec/JtV7R0YBbcVayYTDCRcI9OCbxiUQK6izVyqQO0658n0zQuoNwe+bYgtqnvGAIqTR3FShTd5y4oOjdg==
  dependencies:
    "@vue/compiler-core" "3.2.20"
    "@vue/shared" "3.2.20"

"@vue/compiler-sfc@3.2.20":
  version "3.2.20"
  resolved "https://registry.yarnpkg.com/@vue/compiler-sfc/-/compiler-sfc-3.2.20.tgz#2d7668e76f066c566dd7c09c15c9acce4e876e0a"
  integrity sha512-03aZo+6tQKiFLfunHKSPZvdK4Jsn/ftRCyaro8AQIWkuxJbvSosbKK6HTTn+D2c3nPScG155akJoxKENw7rftQ==
  dependencies:
    "@babel/parser" "^7.15.0"
    "@vue/compiler-core" "3.2.20"
    "@vue/compiler-dom" "3.2.20"
    "@vue/compiler-ssr" "3.2.20"
    "@vue/ref-transform" "3.2.20"
    "@vue/shared" "3.2.20"
    estree-walker "^2.0.2"
    magic-string "^0.25.7"
    postcss "^8.1.10"
    source-map "^0.6.1"

"@vue/compiler-ssr@3.2.20":
  version "3.2.20"
  resolved "https://registry.yarnpkg.com/@vue/compiler-ssr/-/compiler-ssr-3.2.20.tgz#9cceb6261d9932cb5568202610c1c28f86c5e521"
  integrity sha512-rzzVVYivm+EjbfiGQvNeyiYZWzr6Hkej97RZLZvcumacQlnKv9176Xo9rRyeWwFbBlxmtNdrVMslRXtipMXk2w==
  dependencies:
    "@vue/compiler-dom" "3.2.20"
    "@vue/shared" "3.2.20"

"@vue/reactivity@3.2.20":
  version "3.2.20"
  resolved "https://registry.yarnpkg.com/@vue/reactivity/-/reactivity-3.2.20.tgz#81fe1c368e7f20bc0ec1dec1045bbee253582de8"
  integrity sha512-nSmoLojUTk+H8HNTAkrUduB4+yIUBK2HPihJo2uXVSH4Spry6oqN6lFzE5zpLK+F27Sja+UqR9R1+/kIOsHV5w==
  dependencies:
    "@vue/shared" "3.2.20"

"@vue/ref-transform@3.2.20":
  version "3.2.20"
  resolved "https://registry.yarnpkg.com/@vue/ref-transform/-/ref-transform-3.2.20.tgz#2a59ec90caf8e5c7336776a0900bff0a8b81c090"
  integrity sha512-Y42d3PGlYZ1lXcF3dbd3+qU/C/a3wYEZ949fyOI5ptzkjDWlkfU6vn74fmOjsLjEcjs10BXK2qO99FqQIK2r1Q==
  dependencies:
    "@babel/parser" "^7.15.0"
    "@vue/compiler-core" "3.2.20"
    "@vue/shared" "3.2.20"
    estree-walker "^2.0.2"
    magic-string "^0.25.7"

"@vue/runtime-core@3.2.20":
  version "3.2.20"
  resolved "https://registry.yarnpkg.com/@vue/runtime-core/-/runtime-core-3.2.20.tgz#8f63e956a3f88fb772541443c45a7701211012cb"
  integrity sha512-d1xfUGhZPfiZzAN7SatStD4vRtT8deJSXib2+Cz3x0brjMWKxe32asQc154FF1E2fFgMCHtnfd4A90bQEzV4GQ==
  dependencies:
    "@vue/reactivity" "3.2.20"
    "@vue/shared" "3.2.20"

"@vue/runtime-dom@3.2.20":
  version "3.2.20"
  resolved "https://registry.yarnpkg.com/@vue/runtime-dom/-/runtime-dom-3.2.20.tgz#8aa56ae6c30f9cd4a71ca0e9ec3c4bdc67148d15"
  integrity sha512-4TCvZMLhESWCFHFYgqN4QmMA/onnINAlUovhopjlS8ST27G1A8Z0tyxPzLoXLa+b5JrOpbMPheEMPvdKExTJig==
  dependencies:
    "@vue/runtime-core" "3.2.20"
    "@vue/shared" "3.2.20"
    csstype "^2.6.8"

"@vue/server-renderer@3.2.20":
  version "3.2.20"
  resolved "https://registry.yarnpkg.com/@vue/server-renderer/-/server-renderer-3.2.20.tgz#705e07ae9425132b2b6227d308a51a13f4d4ec81"
  integrity sha512-viIbZGep9XabnrRcaxWIi00cOh1x21QYm2upIL5W0zqzTJ54VdTzpI+zi1osNp+VfRQDTHpV2U7H3Kn4ljYJvg==
  dependencies:
    "@vue/compiler-ssr" "3.2.20"
    "@vue/shared" "3.2.20"

"@vue/shared@3.2.20":
  version "3.2.20"
  resolved "https://registry.yarnpkg.com/@vue/shared/-/shared-3.2.20.tgz#53746961f731a8ea666e3316271e944238dc31db"
  integrity sha512-FbpX+hD5BvXCQerEYO7jtAGHlhAkhTQ4KIV73kmLWNlawWhTiVuQxizgVb0BOkX5oG9cIRZ42EG++d/k/Efp0w==

anymatch@~3.1.2:
  version "3.1.2"
  resolved "https://registry.yarnpkg.com/anymatch/-/anymatch-3.1.2.tgz#c0557c096af32f106198f4f4e2a383537e378716"
  integrity sha512-P43ePfOAIupkguHUycrc4qJ9kz8ZiuOUijaETwX7THt0Y/GNK7v0aa8rY816xWjZ7rJdA5XdMcpVFTKMq+RvWg==
  dependencies:
    normalize-path "^3.0.0"
    picomatch "^2.0.4"

binary-extensions@^2.0.0:
  version "2.2.0"
  resolved "https://registry.yarnpkg.com/binary-extensions/-/binary-extensions-2.2.0.tgz#75f502eeaf9ffde42fc98829645be4ea76bd9e2d"
  integrity sha512-jDctJ/IVQbZoJykoeHbhXpOlNBqGNcwXJKJog42E5HDPUwQTSdjCHdihjj0DlnheQ7blbT6dHOafNAiS8ooQKA==

braces@~3.0.2:
  version "3.0.2"
  resolved "https://registry.yarnpkg.com/braces/-/braces-3.0.2.tgz#3454e1a462ee8d599e236df336cd9ea4f8afe107"
  integrity sha512-b8um+L1RzM3WDSzvhm6gIz1yfTbBt6YTlcEKAvsmqCZZFw46z626lVj9j1yEPW33H5H+lBQpZMP1k8l+78Ha0A==
  dependencies:
    fill-range "^7.0.1"

"chokidar@>=3.0.0 <4.0.0":
  version "3.5.2"
  resolved "https://registry.yarnpkg.com/chokidar/-/chokidar-3.5.2.tgz#dba3976fcadb016f66fd365021d91600d01c1e75"
  integrity sha512-ekGhOnNVPgT77r4K/U3GDhu+FQ2S8TnK/s2KbIGXi0SZWuwkZ2QNyfWdZW+TVfn84DpEP7rLeCt2UI6bJ8GwbQ==
  dependencies:
    anymatch "~3.1.2"
    braces "~3.0.2"
    glob-parent "~5.1.2"
    is-binary-path "~2.1.0"
    is-glob "~4.0.1"
    normalize-path "~3.0.0"
    readdirp "~3.6.0"
  optionalDependencies:
    fsevents "~2.3.2"

csstype@^2.6.8:
  version "2.6.18"
  resolved "https://registry.yarnpkg.com/csstype/-/csstype-2.6.18.tgz#980a8b53085f34af313410af064f2bd241784218"
  integrity sha512-RSU6Hyeg14am3Ah4VZEmeX8H7kLwEEirXe6aU2IPfKNvhXwTflK5HQRDNI0ypQXoqmm+QPyG2IaPuQE5zMwSIQ==

esbuild-android-arm64@0.13.9:
  version "0.13.9"
  resolved "https://registry.yarnpkg.com/esbuild-android-arm64/-/esbuild-android-arm64-0.13.9.tgz#6cc4a0c623332c0830a311ddd8242b1f496ff940"
  integrity sha512-Ty0hKldtjJVLHwUwbKR4GFPiXBo5iQ3aE1OLBar9lh3myaRkUGEb+Ypl74LEKa0+t/9lS3Ev1N5+5P2Sq6UvNQ==

esbuild-darwin-64@0.13.9:
  version "0.13.9"
  resolved "https://registry.yarnpkg.com/esbuild-darwin-64/-/esbuild-darwin-64-0.13.9.tgz#df44297c2438032cda2b21548a82bb007e2105cc"
  integrity sha512-Ay0/b98v0oYp3ApXNQ7QPbaSkCT9WjBU6h8bMB1SYrQ/PmHgwph91fb9V0pfOLKK1rYWypfrNbI0MyT2tWN+rQ==

esbuild-darwin-arm64@0.13.9:
  version "0.13.9"
  resolved "https://registry.yarnpkg.com/esbuild-darwin-arm64/-/esbuild-darwin-arm64-0.13.9.tgz#704ef404a6a38eda190d40ed354e7f2c1c839081"
  integrity sha512-nJB8chaJdWathCe6EyIiMIqfyEzbuXPyNsPlL3bYRB1zFCF8feXT874D4IHbJ/w8B6BpY3sM1Clr/I/DK8E4ow==

esbuild-freebsd-64@0.13.9:
  version "0.13.9"
  resolved "https://registry.yarnpkg.com/esbuild-freebsd-64/-/esbuild-freebsd-64-0.13.9.tgz#fbbf22c99e15f27d0f8a1a040d7961a86f0d3a4e"
  integrity sha512-ktaBujf12XLkVXLGx7WjFcmh1tt34tm7gP4pHkhvbzbHrq+BbXwcl4EsW+5JT9VNKl7slOGf4Qnua/VW7ZcnIw==

esbuild-freebsd-arm64@0.13.9:
  version "0.13.9"
  resolved "https://registry.yarnpkg.com/esbuild-freebsd-arm64/-/esbuild-freebsd-arm64-0.13.9.tgz#809fff4c43653dbbf071ffce9f80a030b278098e"
  integrity sha512-vVa5zps4dmwpXwv/amxVpIWvFJuUPWQkpV+PYtZUW9lqjXsQ3LBHP51Q1cXZZBIrqwszLsEyJPa5GuDOY15hzQ==

esbuild-linux-32@0.13.9:
  version "0.13.9"
  resolved "https://registry.yarnpkg.com/esbuild-linux-32/-/esbuild-linux-32-0.13.9.tgz#f9fd3423481e51674e9817d5eea25689889a5f5a"
  integrity sha512-HxoW9QNqhO8VW1l7aBiYQH4lobeHq85+blZ4nlZ7sg5CNhGRRwnMlV6S08VYKz6V0YKnHb5OqJxx2HZuTZ7tgQ==

esbuild-linux-64@0.13.9:
  version "0.13.9"
  resolved "https://registry.yarnpkg.com/esbuild-linux-64/-/esbuild-linux-64-0.13.9.tgz#9d7f66866dae1abaff7cbc3749f2847d5fb72fd5"
  integrity sha512-L+eAR8o1lAUr9g64RXnBLuWZjAItAOWSUpvkchpa6QvSnXFA/nG6PgGsOBEqhDXl9qYEpGI0ReDrFkf8ByapvQ==

esbuild-linux-arm64@0.13.9:
  version "0.13.9"
  resolved "https://registry.yarnpkg.com/esbuild-linux-arm64/-/esbuild-linux-arm64-0.13.9.tgz#669202e71b9ced4d285bfd1d69de948e013ac28f"
  integrity sha512-IjbhZpW5VQYK4nVI4dj/mLvH5oXAIf57OI8BYVkCqrdVXJwR8nVrSqux3zJSY+ElrkOK3DtG9iTPpmqvBXaU0g==

esbuild-linux-arm@0.13.9:
  version "0.13.9"
  resolved "https://registry.yarnpkg.com/esbuild-linux-arm/-/esbuild-linux-arm-0.13.9.tgz#c3ceb56ec0e3dbd1a3a89dca6cb7fc0ca360bcc8"
  integrity sha512-DT0S+ufCVXatPZHjkCaBgZSFIV8FzY4GEHz/BlkitTWzUvT1dIUXjPIRPnqBUVa+0AyS1bZSfHzv9hTT4LHz7A==

esbuild-linux-mips64le@0.13.9:
  version "0.13.9"
  resolved "https://registry.yarnpkg.com/esbuild-linux-mips64le/-/esbuild-linux-mips64le-0.13.9.tgz#bf4bd389ee14b67c5c77669952f2de6b2cc8a003"
  integrity sha512-ec9RgAM4r+fe1ZmG16qeMwEHdcIvqeW8tpnpkfSQu9T4487KtQF6lg3TQasTarrLLEe7Qpy+E+r4VwC8eeZySQ==

esbuild-linux-ppc64le@0.13.9:
  version "0.13.9"
  resolved "https://registry.yarnpkg.com/esbuild-linux-ppc64le/-/esbuild-linux-ppc64le-0.13.9.tgz#465b7bdc70577da606b3b5d463028292b6d834ad"
  integrity sha512-7b2/wg8T1n/L1BgCWlMSez0aXfGkNjFuOqMBQdnTti3LRuUwzGJcrhRf/FdZGJ5/evML9mqu60vLRuXW1TdXCg==

esbuild-netbsd-64@0.13.9:
  version "0.13.9"
  resolved "https://registry.yarnpkg.com/esbuild-netbsd-64/-/esbuild-netbsd-64-0.13.9.tgz#94f2dabe83520066cc1e1fae3ecff78695a8ebb1"
  integrity sha512-PiZu3h4+Szj0iZPgvuD2Y0isOXnlNetmF6jMcOwW54BScwynW24/baE+z7PfDyNFgjV04Ga2THdcpbKBDhgWQw==

esbuild-openbsd-64@0.13.9:
  version "0.13.9"
  resolved "https://registry.yarnpkg.com/esbuild-openbsd-64/-/esbuild-openbsd-64-0.13.9.tgz#b47f6a641ca37358aeedb2b7c4bb73dd0682c6d5"
  integrity sha512-SJKN4Ez+ilY7mu+1gAdGQ9N6dktBfbEkiOAvw+hT7xHrNnTnrTGH0FT4qx9dazB9HX6D04L4PXmVOyynqi+oEQ==

esbuild-sunos-64@0.13.9:
  version "0.13.9"
  resolved "https://registry.yarnpkg.com/esbuild-sunos-64/-/esbuild-sunos-64-0.13.9.tgz#b0df4a316b7c98eb490f4bd0db381cf2c391ae73"
  integrity sha512-9N0RjZ7cElE8ifrS0nBrLQgBMQNPiIIKO2GzLXy7Ms8AM3KjfLiV2G2+9O0B9paXjRAHchIwazTeOyeWb1vyWA==

esbuild-windows-32@0.13.9:
  version "0.13.9"
  resolved "https://registry.yarnpkg.com/esbuild-windows-32/-/esbuild-windows-32-0.13.9.tgz#e229563e134e634f9748cc8315c691e2013259ef"
  integrity sha512-awxWs1kns+RfjhqBbTbdlePjqZrAE2XMaAQJNg9dtu+C7ghC3QKsqXbu0C26OuF5YeAdJcq9q+IdG6WPLjvj9w==

esbuild-windows-64@0.13.9:
  version "0.13.9"
  resolved "https://registry.yarnpkg.com/esbuild-windows-64/-/esbuild-windows-64-0.13.9.tgz#103ad3f13e1a0e44934b91f358e81dd201b86b34"
  integrity sha512-VmA9GQMCzOr8rFfD72Dum1+AWhJui7ZO6sYwp6rBHYu4vLmWITTSUsd/zgXXmZuHBPkkvxLJLF8XsKFCRKflJA==

esbuild-windows-arm64@0.13.9:
  version "0.13.9"
  resolved "https://registry.yarnpkg.com/esbuild-windows-arm64/-/esbuild-windows-arm64-0.13.9.tgz#545bb58848008258b339b1b00fcfe92c85bc7251"
  integrity sha512-P/jPY2JwmTpgEPh9BkXpCe690tcDSSo0K9BHTniSeEAEz26kPpqldVa4XDm0R+hNnFA7ecEgNskr4QAxE1ry0w==

esbuild@^0.13.2:
  version "0.13.9"
  resolved "https://registry.yarnpkg.com/esbuild/-/esbuild-0.13.9.tgz#aafc4b3375ac443ae7b223c26c4e58d10d2d535b"
  integrity sha512-8bYcckmisXjGvBMeylp1PRtu21uOoCDFAgXGGF2BR241zYQDN6ZLNvcmQlnQ7olG0p6PRWmJI8WVH3ca8viPuw==
  optionalDependencies:
    esbuild-android-arm64 "0.13.9"
    esbuild-darwin-64 "0.13.9"
    esbuild-darwin-arm64 "0.13.9"
    esbuild-freebsd-64 "0.13.9"
    esbuild-freebsd-arm64 "0.13.9"
    esbuild-linux-32 "0.13.9"
    esbuild-linux-64 "0.13.9"
    esbuild-linux-arm "0.13.9"
    esbuild-linux-arm64 "0.13.9"
    esbuild-linux-mips64le "0.13.9"
    esbuild-linux-ppc64le "0.13.9"
    esbuild-netbsd-64 "0.13.9"
    esbuild-openbsd-64 "0.13.9"
    esbuild-sunos-64 "0.13.9"
    esbuild-windows-32 "0.13.9"
    esbuild-windows-64 "0.13.9"
    esbuild-windows-arm64 "0.13.9"

estree-walker@^2.0.2:
  version "2.0.2"
  resolved "https://registry.yarnpkg.com/estree-walker/-/estree-walker-2.0.2.tgz#52f010178c2a4c117a7757cfe942adb7d2da4cac"
  integrity sha512-Rfkk/Mp/DL7JVje3u18FxFujQlTNR2q6QfMSMB7AvCBx91NGj/ba3kCfza0f6dVDbw7YlRf/nDrn7pQrCCyQ/w==

fill-range@^7.0.1:
  version "7.0.1"
  resolved "https://registry.yarnpkg.com/fill-range/-/fill-range-7.0.1.tgz#1919a6a7c75fe38b2c7c77e5198535da9acdda40"
  integrity sha512-qOo9F+dMUmC2Lcb4BbVvnKJxTPjCm+RRpe4gDuGrzkL7mEVl/djYSu2OdQ2Pa302N4oqkSg9ir6jaLWJ2USVpQ==
  dependencies:
    to-regex-range "^5.0.1"

fsevents@~2.3.2:
  version "2.3.2"
  resolved "https://registry.yarnpkg.com/fsevents/-/fsevents-2.3.2.tgz#8a526f78b8fdf4623b709e0b975c52c24c02fd1a"
  integrity sha512-xiqMQR4xAeHTuB9uWm+fFRcIOgKBMiOBP+eXiyT7jsgVCq1bkVygt00oASowB7EdtpOHaaPgKt812P9ab+DDKA==

function-bind@^1.1.1:
  version "1.1.1"
  resolved "https://registry.yarnpkg.com/function-bind/-/function-bind-1.1.1.tgz#a56899d3ea3c9bab874bb9773b7c5ede92f4895d"
  integrity sha512-yIovAzMX49sF8Yl58fSCWJ5svSLuaibPxXQJFLmBObTuCr0Mf1KiPopGM9NiFjiYBCbfaa2Fh6breQ6ANVTI0A==

glob-parent@~5.1.2:
  version "5.1.2"
  resolved "https://registry.yarnpkg.com/glob-parent/-/glob-parent-5.1.2.tgz#869832c58034fe68a4093c17dc15e8340d8401c4"
  integrity sha512-AOIgSQCepiJYwP3ARnGx+5VnTu2HBYdzbGP45eLw1vr3zB3vZLeyed1sC9hnbcOc9/SrMyM5RPQrkGz4aS9Zow==
  dependencies:
    is-glob "^4.0.1"

has@^1.0.3:
  version "1.0.3"
  resolved "https://registry.yarnpkg.com/has/-/has-1.0.3.tgz#722d7cbfc1f6aa8241f16dd814e011e1f41e8796"
  integrity sha512-f2dvO0VU6Oej7RkWJGrehjbzMAjFp5/VKPp5tTpWIV4JHHZK1/BxbFRtf/siA2SWTe09caDmVtYYzWEIbBS4zw==
  dependencies:
    function-bind "^1.1.1"

is-binary-path@~2.1.0:
  version "2.1.0"
  resolved "https://registry.yarnpkg.com/is-binary-path/-/is-binary-path-2.1.0.tgz#ea1f7f3b80f064236e83470f86c09c254fb45b09"
  integrity sha512-ZMERYes6pDydyuGidse7OsHxtbI7WVeUEozgR/g7rd0xUimYNlvZRE/K2MgZTjWy725IfelLeVcEM97mmtRGXw==
  dependencies:
    binary-extensions "^2.0.0"

is-core-module@^2.2.0:
  version "2.8.0"
  resolved "https://registry.yarnpkg.com/is-core-module/-/is-core-module-2.8.0.tgz#0321336c3d0925e497fd97f5d95cb114a5ccd548"
  integrity sha512-vd15qHsaqrRL7dtH6QNuy0ndJmRDrS9HAM1CAiSifNUFv4x1a0CCVsj18hJ1mShxIG6T2i1sO78MkP56r0nYRw==
  dependencies:
    has "^1.0.3"

is-extglob@^2.1.1:
  version "2.1.1"
  resolved "https://registry.yarnpkg.com/is-extglob/-/is-extglob-2.1.1.tgz#a88c02535791f02ed37c76a1b9ea9773c833f8c2"
  integrity sha1-qIwCU1eR8C7TfHahueqXc8gz+MI=

is-glob@^4.0.1, is-glob@~4.0.1:
  version "4.0.3"
  resolved "https://registry.yarnpkg.com/is-glob/-/is-glob-4.0.3.tgz#64f61e42cbbb2eec2071a9dac0b28ba1e65d5084"
  integrity sha512-xelSayHH36ZgE7ZWhli7pW34hNbNl8Ojv5KVmkJD4hBdD3th8Tfk9vYasLM+mXWOZhFkgZfxhLSnrwRr4elSSg==
  dependencies:
    is-extglob "^2.1.1"

is-number@^7.0.0:
  version "7.0.0"
  resolved "https://registry.yarnpkg.com/is-number/-/is-number-7.0.0.tgz#7535345b896734d5f80c4d06c50955527a14f12b"
  integrity sha512-41Cifkg6e8TylSpdtTpeLVMqvSBEVzTttHvERD741+pnZ8ANv0004MRL43QKPDlK9cGvNp6NZWZUBlbGXYxxng==

magic-string@^0.25.7:
  version "0.25.7"
  resolved "https://registry.yarnpkg.com/magic-string/-/magic-string-0.25.7.tgz#3f497d6fd34c669c6798dcb821f2ef31f5445051"
  integrity sha512-4CrMT5DOHTDk4HYDlzmwu4FVCcIYI8gauveasrdCu2IKIFOJ3f0v/8MDGJCDL9oD2ppz/Av1b0Nj345H9M+XIA==
  dependencies:
    sourcemap-codec "^1.4.4"

nanoid@^3.1.30:
  version "3.1.30"
  resolved "https://registry.yarnpkg.com/nanoid/-/nanoid-3.1.30.tgz#63f93cc548d2a113dc5dfbc63bfa09e2b9b64362"
  integrity sha512-zJpuPDwOv8D2zq2WRoMe1HsfZthVewpel9CAvTfc/2mBD1uUT/agc5f7GHGWXlYkFvi1mVxe4IjvP2HNrop7nQ==

normalize-path@^3.0.0, normalize-path@~3.0.0:
  version "3.0.0"
  resolved "https://registry.yarnpkg.com/normalize-path/-/normalize-path-3.0.0.tgz#0dcd69ff23a1c9b11fd0978316644a0388216a65"
  integrity sha512-6eZs5Ls3WtCisHWp9S2GUy8dqkpGi4BVSz3GaqiE6ezub0512ESztXUwUB6C6IKbQkY2Pnb/mD4WYojCRwcwLA==

orderedmap@^1.1.0:
  version "1.1.1"
  resolved "https://registry.yarnpkg.com/orderedmap/-/orderedmap-1.1.1.tgz#c618e77611b3b21d0fe3edc92586265e0059c789"
  integrity sha512-3Ux8um0zXbVacKUkcytc0u3HgC0b0bBLT+I60r2J/En72cI0nZffqrA7Xtf2Hqs27j1g82llR5Mhbd0Z1XW4AQ==

path-parse@^1.0.6:
  version "1.0.7"
  resolved "https://registry.yarnpkg.com/path-parse/-/path-parse-1.0.7.tgz#fbc114b60ca42b30d9daf5858e4bd68bbedb6735"
  integrity sha512-LDJzPVEEEPR+y48z93A0Ed0yXb8pAByGWo/k5YYdYgpY2/2EsOsksJrq7lOHxryrVOn1ejG6oAp8ahvOIQD8sw==

picocolors@^1.0.0:
  version "1.0.0"
  resolved "https://registry.yarnpkg.com/picocolors/-/picocolors-1.0.0.tgz#cb5bdc74ff3f51892236eaf79d68bc44564ab81c"
  integrity sha512-1fygroTLlHu66zi26VoTDv8yRgm0Fccecssto+MhsZ0D/DGW2sm8E8AjW7NU5VVTRt5GxbeZ5qBuJr+HyLYkjQ==

picomatch@^2.0.4, picomatch@^2.2.1:
  version "2.3.0"
  resolved "https://registry.yarnpkg.com/picomatch/-/picomatch-2.3.0.tgz#f1f061de8f6a4bf022892e2d128234fb98302972"
  integrity sha512-lY1Q/PiJGC2zOv/z391WOTD+Z02bCgsFfvxoXXf6h7kv9o+WmsmzYqrAwY63sNgOxE4xEdq0WyUnXfKeBrSvYw==

postcss@^8.1.10, postcss@^8.3.8:
  version "8.3.11"
  resolved "https://registry.yarnpkg.com/postcss/-/postcss-8.3.11.tgz#c3beca7ea811cd5e1c4a3ec6d2e7599ef1f8f858"
  integrity sha512-hCmlUAIlUiav8Xdqw3Io4LcpA1DOt7h3LSTAC4G6JGHFFaWzI6qvFt9oilvl8BmkbBRX1IhM90ZAmpk68zccQA==
  dependencies:
    nanoid "^3.1.30"
    picocolors "^1.0.0"
    source-map-js "^0.6.2"

prosemirror-commands@^1.1.11:
  version "1.1.11"
  resolved "https://registry.yarnpkg.com/prosemirror-commands/-/prosemirror-commands-1.1.11.tgz#369252fcca5397ee7b011b963cc4da45b0b7cb70"
  integrity sha512-uXDVkOGJbFHocdacMJihrnQCT7tHswO48ewq6ByqLxTwOrI8Y4B4aHvwUbM4epwElv/YjgC+DuqXm/gEHPym4w==
  dependencies:
    prosemirror-model "^1.0.0"
    prosemirror-state "^1.0.0"
    prosemirror-transform "^1.0.0"

prosemirror-dropcursor@^1.3.5:
  version "1.3.5"
  resolved "https://registry.yarnpkg.com/prosemirror-dropcursor/-/prosemirror-dropcursor-1.3.5.tgz#d2808c17089df0e441ad66016aecc2b6457c8a1f"
  integrity sha512-tNUwcF2lPAkwKBZPZRtbxpwljnODRNZ3eiYloN1DSUqDjMT1nBZm0nejaEMS1TvNQ+3amibUSAiV4hX+jpASFA==
  dependencies:
    prosemirror-state "^1.0.0"
    prosemirror-transform "^1.1.0"
    prosemirror-view "^1.1.0"

prosemirror-gapcursor@^1.2.0:
  version "1.2.0"
  resolved "https://registry.yarnpkg.com/prosemirror-gapcursor/-/prosemirror-gapcursor-1.2.0.tgz#28fb60bf3d9baf1f920907d2c3e613137204e8f3"
  integrity sha512-yCLy5+0rVqLir/KcHFathQj4Rf8aRHi80FmEfKtM0JmyzvwdomslLzDZ/pX4oFhFKDgjl/WBBBFNqDyNifWg7g==
  dependencies:
    prosemirror-keymap "^1.0.0"
    prosemirror-model "^1.0.0"
    prosemirror-state "^1.0.0"
    prosemirror-view "^1.0.0"

prosemirror-history@^1.2.0:
  version "1.2.0"
  resolved "https://registry.yarnpkg.com/prosemirror-history/-/prosemirror-history-1.2.0.tgz#04cc4df8d2f7b2a46651a2780de191ada6d465ea"
  integrity sha512-B9v9xtf4fYbKxQwIr+3wtTDNLDZcmMMmGiI3TAPShnUzvo+Rmv1GiUrsQChY1meetHl7rhML2cppF3FTs7f7UQ==
  dependencies:
    prosemirror-state "^1.2.2"
    prosemirror-transform "^1.0.0"
    rope-sequence "^1.3.0"

prosemirror-keymap@^1.0.0, prosemirror-keymap@^1.1.3:
  version "1.1.4"
  resolved "https://registry.yarnpkg.com/prosemirror-keymap/-/prosemirror-keymap-1.1.4.tgz#8b481bf8389a5ac40d38dbd67ec3da2c7eac6a6d"
  integrity sha512-Al8cVUOnDFL4gcI5IDlG6xbZ0aOD/i3B17VT+1JbHWDguCgt/lBHVTHUBcKvvbSg6+q/W4Nj1Fu6bwZSca3xjg==
  dependencies:
    prosemirror-state "^1.0.0"
    w3c-keyname "^2.2.0"

prosemirror-model@^1.0.0, prosemirror-model@^1.14.3, prosemirror-model@^1.15.0:
  version "1.15.0"
  resolved "https://registry.yarnpkg.com/prosemirror-model/-/prosemirror-model-1.15.0.tgz#23bc09098daa7c309dba90a76a1b989ce6f61405"
  integrity sha512-hQJv7SnIhlAy9ga3lhPPgaufhvCbQB9tHwscJ9E1H1pPHmN8w5V/lURueoYv9Kc3/bpNWoyHa8r3g//m7N0ChQ==
  dependencies:
    orderedmap "^1.1.0"

prosemirror-schema-list@^1.1.6:
  version "1.1.6"
  resolved "https://registry.yarnpkg.com/prosemirror-schema-list/-/prosemirror-schema-list-1.1.6.tgz#c3e13fe2f74750e4a53ff88d798dc0c4ccca6707"
  integrity sha512-aFGEdaCWmJzouZ8DwedmvSsL50JpRkqhQ6tcpThwJONVVmCgI36LJHtoQ4VGZbusMavaBhXXr33zyD2IVsTlkw==
  dependencies:
    prosemirror-model "^1.0.0"
    prosemirror-transform "^1.0.0"

prosemirror-state@^1.0.0, prosemirror-state@^1.2.2, prosemirror-state@^1.3.4:
  version "1.3.4"
  resolved "https://registry.yarnpkg.com/prosemirror-state/-/prosemirror-state-1.3.4.tgz#4c6b52628216e753fc901c6d2bfd84ce109e8952"
  integrity sha512-Xkkrpd1y/TQ6HKzN3agsQIGRcLckUMA9u3j207L04mt8ToRgpGeyhbVv0HI7omDORIBHjR29b7AwlATFFf2GLA==
  dependencies:
    prosemirror-model "^1.0.0"
    prosemirror-transform "^1.0.0"

prosemirror-transform@^1.0.0, prosemirror-transform@^1.1.0, prosemirror-transform@^1.3.3:
  version "1.3.3"
  resolved "https://registry.yarnpkg.com/prosemirror-transform/-/prosemirror-transform-1.3.3.tgz#5f6712b0577a119cc418686fe7588b6dd9b7464d"
  integrity sha512-9NLVXy1Sfa2G6qPqhWMkEvwQQMTw7OyTqOZbJaGQWsCeH3hH5Cw+c5eNaLM1Uu75EyKLsEZhJ93XpHJBa6RX8A==
  dependencies:
    prosemirror-model "^1.0.0"

prosemirror-view@^1.0.0, prosemirror-view@^1.1.0, prosemirror-view@^1.20.3:
  version "1.20.3"
  resolved "https://registry.yarnpkg.com/prosemirror-view/-/prosemirror-view-1.20.3.tgz#9781fe59cf0728e749ff4116f8a69d30d8cea943"
  integrity sha512-2ImL9K/tIEk+aC2GT8shzfmT2U0Y8UQZ13L5AY0A4Tcj09o/ICGE362gKUE3Ze/Xr/nMw61Zv5JMSQUszAj9dw==
  dependencies:
    prosemirror-model "^1.14.3"
    prosemirror-state "^1.0.0"
    prosemirror-transform "^1.1.0"

readdirp@~3.6.0:
  version "3.6.0"
  resolved "https://registry.yarnpkg.com/readdirp/-/readdirp-3.6.0.tgz#74a370bd857116e245b29cc97340cd431a02a6c7"
  integrity sha512-hOS089on8RduqdbhvQ5Z37A0ESjsqz6qnRcffsMU3495FuTdqSm+7bhJ29JvIOsBDEEnan5DPu9t3To9VRlMzA==
  dependencies:
    picomatch "^2.2.1"

resolve@^1.20.0:
  version "1.20.0"
  resolved "https://registry.yarnpkg.com/resolve/-/resolve-1.20.0.tgz#629a013fb3f70755d6f0b7935cc1c2c5378b1975"
  integrity sha512-wENBPt4ySzg4ybFQW2TT1zMQucPK95HSh/nq2CFTZVOGut2+pQvSsgtda4d26YrYcr067wjbmzOG8byDPBX63A==
  dependencies:
    is-core-module "^2.2.0"
    path-parse "^1.0.6"

rollup@^2.57.0:
  version "2.58.3"
  resolved "https://registry.yarnpkg.com/rollup/-/rollup-2.58.3.tgz#71a08138d9515fb65043b6a18618b2ed9ac8d239"
  integrity sha512-ei27MSw1KhRur4p87Q0/Va2NAYqMXOX++FNEumMBcdreIRLURKy+cE2wcDJKBn0nfmhP2ZGrJkP1XPO+G8FJQw==
  optionalDependencies:
    fsevents "~2.3.2"

rope-sequence@^1.3.0:
  version "1.3.2"
  resolved "https://registry.yarnpkg.com/rope-sequence/-/rope-sequence-1.3.2.tgz#a19e02d72991ca71feb6b5f8a91154e48e3c098b"
  integrity sha512-ku6MFrwEVSVmXLvy3dYph3LAMNS0890K7fabn+0YIRQ2T96T9F4gkFf0vf0WW0JUraNWwGRtInEpH7yO4tbQZg==

sass@^1.43.3:
  version "1.43.3"
  resolved "https://registry.yarnpkg.com/sass/-/sass-1.43.3.tgz#aa16a69131b84f0cd23189a242571e8905f1ce43"
  integrity sha512-BJnLngqWpMeS65UvlYYEuCb3/fLxDxhHtOB/gWPxs6NKrslTxGt3ZxwIvOe/0Jm4tWwM/+tIpE3wj4dLEhPDeQ==
  dependencies:
    chokidar ">=3.0.0 <4.0.0"

source-map-js@^0.6.2:
  version "0.6.2"
  resolved "https://registry.yarnpkg.com/source-map-js/-/source-map-js-0.6.2.tgz#0bb5de631b41cfbda6cfba8bd05a80efdfd2385e"
  integrity sha512-/3GptzWzu0+0MBQFrDKzw/DvvMTUORvgY6k6jd/VS6iCR4RDTKWH6v6WPwQoUO8667uQEf9Oe38DxAYWY5F/Ug==

source-map@^0.6.1:
  version "0.6.1"
  resolved "https://registry.yarnpkg.com/source-map/-/source-map-0.6.1.tgz#74722af32e9614e9c287a8d0bbde48b5e2f1a263"
  integrity sha512-UjgapumWlbMhkBgzT7Ykc5YXUT46F0iKu8SGXq0bcwP5dz/h0Plj6enJqjz1Zbq2l5WaqYnrVbwWOWMyF3F47g==

sourcemap-codec@^1.4.4:
  version "1.4.8"
  resolved "https://registry.yarnpkg.com/sourcemap-codec/-/sourcemap-codec-1.4.8.tgz#ea804bd94857402e6992d05a38ef1ae35a9ab4c4"
  integrity sha512-9NykojV5Uih4lgo5So5dtw+f0JgJX30KCNI8gwhz2J9A15wD0Ml6tjHKwf6fTSa6fAdVBdZeNOs9eJ71qCk8vA==

tippy.js@^6.3.2:
  version "6.3.2"
  resolved "https://registry.yarnpkg.com/tippy.js/-/tippy.js-6.3.2.tgz#c03a0b88f170dffeba42f569771801dddc1f6340"
  integrity sha512-35XVQI7Zl/jHZ51+8eHu/vVRXBjWYGobPm5G9FxOchj4r5dWhghKGS0nm0ARUKZTF96V7pPn7EbXS191NTwldw==
  dependencies:
    "@popperjs/core" "^2.9.0"

to-regex-range@^5.0.1:
  version "5.0.1"
  resolved "https://registry.yarnpkg.com/to-regex-range/-/to-regex-range-5.0.1.tgz#1648c44aae7c8d988a326018ed72f5b4dd0392e4"
  integrity sha512-65P7iz6X5yEr1cwcgvQxbbIw7Uk3gOy5dIdtZ4rDveLqhrdJP+Li/Hx6tyK0NEb+2GCyneCMJiGqrADCSNk8sQ==
  dependencies:
    is-number "^7.0.0"

vite@^2.6.4:
  version "2.6.11"
  resolved "https://registry.yarnpkg.com/vite/-/vite-2.6.11.tgz#20d3d8f4b4fe38904a2e425356aab1cb23325e12"
  integrity sha512-JWnGmiO1IFwou9aUWS4N0kMyHcgTTt1+2f4bJyzgBJLJDyAqGEX3HewE4jgrL6V4d9+mxs+lZ4L8HL2kyVBe7A==
  dependencies:
    esbuild "^0.13.2"
    postcss "^8.3.8"
    resolve "^1.20.0"
    rollup "^2.57.0"
  optionalDependencies:
    fsevents "~2.3.2"

vue@^3.2.16:
  version "3.2.20"
  resolved "https://registry.yarnpkg.com/vue/-/vue-3.2.20.tgz#940f8aa8bf3e3be78243ca582bad41fcd45ae3e6"
  integrity sha512-81JjEP4OGk9oO8+CU0h2nFPGgJBm9mNa3kdCX2k6FuRdrWrC+CNe+tOnuIeTg8EWwQuI+wwdra5Q7vSzp7p4Iw==
  dependencies:
    "@vue/compiler-dom" "3.2.20"
    "@vue/compiler-sfc" "3.2.20"
    "@vue/runtime-dom" "3.2.20"
    "@vue/server-renderer" "3.2.20"
    "@vue/shared" "3.2.20"

w3c-keyname@^2.2.0:
  version "2.2.4"
  resolved "https://registry.yarnpkg.com/w3c-keyname/-/w3c-keyname-2.2.4.tgz#4ade6916f6290224cdbd1db8ac49eab03d0eef6b"
  integrity sha512-tOhfEwEzFLJzf6d1ZPkYfGj+FWhIpBux9ppoP3rlclw3Z0BZv3N7b7030Z1kYth+6rDuAsXUFr+d0VE6Ed1ikw==
